{
  "version": 4,
  "terraform_version": "1.12.2",
  "serial": 959,
  "lineage": "fe13cad9-09ab-0ff3-e751-abab4c0d196b",
  "outputs": {
    "backend_ecr_repository_url": {
      "value": "804363747200.dkr.ecr.us-east-1.amazonaws.com/backend",
      "type": "string"
    },
    "frontend_ecr_repository_url": {
      "value": "804363747200.dkr.ecr.us-east-1.amazonaws.com/frontend",
      "type": "string"
    }
  },
  "resources": [
    {
      "module": "module.RDS_db_secret",
      "mode": "managed",
      "type": "aws_secretsmanager_secret",
      "name": "secrets",
      "provider": "provider[\"registry.terraform.io/hashicorp/aws\"]",
      "instances": [
        {
          "schema_version": 0,
          "attributes": {
            "arn": "arn:aws:secretsmanager:us-east-1:804363747200:secret:rds-secret-26b05f42-u83CA0",
            "description": "RDS credentials secret",
            "force_overwrite_replica_secret": false,
            "id": "arn:aws:secretsmanager:us-east-1:804363747200:secret:rds-secret-26b05f42-u83CA0",
            "kms_key_id": "",
            "name": "rds-secret-26b05f42",
            "name_prefix": "",
            "policy": "",
            "recovery_window_in_days": 30,
            "replica": [],
            "tags": {
              "App": "3-tier",
              "Environment": "production"
            },
            "tags_all": {
              "App": "3-tier",
              "Environment": "production"
            }
          },
          "sensitive_attributes": [],
          "identity_schema_version": 0,
          "private": "bnVsbA==",
          "dependencies": [
            "module.RDS_db_secret.random_id.unique_id"
          ]
        }
      ]
    },
    {
      "module": "module.RDS_db_secret",
      "mode": "managed",
      "type": "aws_secretsmanager_secret_version",
      "name": "rds",
      "provider": "provider[\"registry.terraform.io/hashicorp/aws\"]",
      "instances": [
        {
          "schema_version": 0,
          "attributes": {
            "arn": "arn:aws:secretsmanager:us-east-1:804363747200:secret:rds-secret-26b05f42-u83CA0",
            "has_secret_string_wo": null,
            "id": "arn:aws:secretsmanager:us-east-1:804363747200:secret:rds-secret-26b05f42-u83CA0|terraform-20250816094146045300000008",
            "secret_binary": "",
            "secret_id": "arn:aws:secretsmanager:us-east-1:804363747200:secret:rds-secret-26b05f42-u83CA0",
            "secret_string": "{\"password\":\"3Jgtk$AAvmC1Ec_MBorShA@W\",\"username\":\"admin\"}",
            "secret_string_wo": null,
            "secret_string_wo_version": null,
            "version_id": "terraform-20250816094146045300000008",
            "version_stages": [
              "AWSCURRENT"
            ]
          },
          "sensitive_attributes": [
            [
              {
                "type": "get_attr",
                "value": "secret_binary"
              }
            ],
            [
              {
                "type": "get_attr",
                "value": "secret_string"
              }
            ],
            [
              {
                "type": "get_attr",
                "value": "secret_string_wo"
              }
            ]
          ],
          "identity_schema_version": 0,
          "private": "bnVsbA==",
          "dependencies": [
            "module.RDS_db_secret.aws_secretsmanager_secret.secrets",
            "module.RDS_db_secret.random_id.unique_id",
            "module.RDS_db_secret.random_password.secret"
          ]
        }
      ]
    },
    {
      "module": "module.RDS_db_secret",
      "mode": "managed",
      "type": "random_id",
      "name": "unique_id",
      "provider": "provider[\"registry.terraform.io/hashicorp/random\"]",
      "instances": [
        {
          "schema_version": 0,
          "attributes": {
            "b64_std": "JrBfQg==",
            "b64_url": "JrBfQg",
            "byte_length": 4,
            "dec": "649092930",
            "hex": "26b05f42",
            "id": "JrBfQg",
            "keepers": null,
            "prefix": null
          },
          "sensitive_attributes": [],
          "identity_schema_version": 0
        }
      ]
    },
    {
      "module": "module.RDS_db_secret",
      "mode": "managed",
      "type": "random_password",
      "name": "secret",
      "provider": "provider[\"registry.terraform.io/hashicorp/random\"]",
      "instances": [
        {
          "schema_version": 3,
          "attributes": {
            "bcrypt_hash": "$2a$10$Lu/t7DvJGi1S74cKFtqE7e4BIwgSmrYOlfLOUaognZzIOLzejt3La",
            "id": "none",
            "keepers": null,
            "length": 24,
            "lower": true,
            "min_lower": 0,
            "min_numeric": 0,
            "min_special": 0,
            "min_upper": 0,
            "number": true,
            "numeric": true,
            "override_special": null,
            "result": "3Jgtk$AAvmC1Ec_MBorShA@W",
            "special": true,
            "upper": true
          },
          "sensitive_attributes": [
            [
              {
                "type": "get_attr",
                "value": "bcrypt_hash"
              }
            ],
            [
              {
                "type": "get_attr",
                "value": "result"
              }
            ]
          ],
          "identity_schema_version": 0
        }
      ]
    },
    {
      "module": "module.ecr_backend",
      "mode": "managed",
      "type": "aws_ecr_replication_configuration",
      "name": "replication",
      "provider": "provider[\"registry.terraform.io/hashicorp/aws\"]",
      "instances": []
    },
    {
      "module": "module.ecr_backend",
      "mode": "managed",
      "type": "aws_ecr_repository",
      "name": "repo",
      "provider": "provider[\"registry.terraform.io/hashicorp/aws\"]",
      "instances": [
        {
          "schema_version": 0,
          "attributes": {
            "arn": "arn:aws:ecr:us-east-1:804363747200:repository/backend",
            "encryption_configuration": [
              {
                "encryption_type": "KMS",
                "kms_key": "arn:aws:kms:us-east-1:804363747200:key/e15d1a7f-b948-4c6b-9b89-989fd85444c4"
              }
            ],
            "force_delete": null,
            "id": "backend",
            "image_scanning_configuration": [
              {
                "scan_on_push": true
              }
            ],
            "image_tag_mutability": "MUTABLE",
            "name": "backend",
            "registry_id": "804363747200",
            "repository_url": "804363747200.dkr.ecr.us-east-1.amazonaws.com/backend",
            "tags": {
              "component": "backend",
              "project": "project"
            },
            "tags_all": {
              "component": "backend",
              "project": "project"
            },
            "timeouts": null
          },
          "sensitive_attributes": [],
          "identity_schema_version": 0,
          "private": "eyJlMmJmYjczMC1lY2FhLTExZTYtOGY4OC0zNDM2M2JjN2M0YzAiOnsiZGVsZXRlIjoxMjAwMDAwMDAwMDAwfX0="
        }
      ]
    },
    {
      "module": "module.ecr_frontend",
      "mode": "managed",
      "type": "aws_ecr_replication_configuration",
      "name": "replication",
      "provider": "provider[\"registry.terraform.io/hashicorp/aws\"]",
      "instances": [
        {
          "index_key": 0,
          "schema_version": 0,
          "attributes": {
            "id": "804363747200",
            "registry_id": "804363747200",
            "replication_configuration": [
              {
                "rule": [
                  {
                    "destination": [
                      {
                        "region": "ap-south-1",
                        "registry_id": "804363747200"
                      }
                    ],
                    "repository_filter": []
                  }
                ]
              }
            ]
          },
          "sensitive_attributes": [],
          "identity_schema_version": 0,
          "private": "bnVsbA=="
        }
      ]
    },
    {
      "module": "module.ecr_frontend",
      "mode": "managed",
      "type": "aws_ecr_repository",
      "name": "repo",
      "provider": "provider[\"registry.terraform.io/hashicorp/aws\"]",
      "instances": [
        {
          "schema_version": 0,
          "attributes": {
            "arn": "arn:aws:ecr:us-east-1:804363747200:repository/frontend",
            "encryption_configuration": [
              {
                "encryption_type": "KMS",
                "kms_key": "arn:aws:kms:us-east-1:804363747200:key/e15d1a7f-b948-4c6b-9b89-989fd85444c4"
              }
            ],
            "force_delete": null,
            "id": "frontend",
            "image_scanning_configuration": [
              {
                "scan_on_push": true
              }
            ],
            "image_tag_mutability": "MUTABLE",
            "name": "frontend",
            "registry_id": "804363747200",
            "repository_url": "804363747200.dkr.ecr.us-east-1.amazonaws.com/frontend",
            "tags": {
              "component": "frontend",
              "project": "project"
            },
            "tags_all": {
              "component": "frontend",
              "project": "project"
            },
            "timeouts": null
          },
          "sensitive_attributes": [],
          "identity_schema_version": 0,
          "private": "eyJlMmJmYjczMC1lY2FhLTExZTYtOGY4OC0zNDM2M2JjN2M0YzAiOnsiZGVsZXRlIjoxMjAwMDAwMDAwMDAwfX0="
        }
      ]
    },
    {
      "module": "module.eks_cluster_role",
      "mode": "managed",
      "type": "aws_iam_role",
      "name": "cluster_role",
      "provider": "provider[\"registry.terraform.io/hashicorp/aws\"]",
      "instances": [
        {
          "schema_version": 0,
          "attributes": {
            "arn": "arn:aws:iam::804363747200:role/eks-cluster-role",
            "assume_role_policy": "{\"Statement\":[{\"Action\":\"sts:AssumeRole\",\"Effect\":\"Allow\",\"Principal\":{\"Service\":[\"eks.amazonaws.com\"]}}],\"Version\":\"2012-10-17\"}",
            "create_date": "2025-08-16T09:41:43Z",
            "description": "",
            "force_detach_policies": false,
            "id": "eks-cluster-role",
            "inline_policy": [],
            "managed_policy_arns": [
              "arn:aws:iam::aws:policy/AmazonEKSClusterPolicy"
            ],
            "max_session_duration": 3600,
            "name": "eks-cluster-role",
            "name_prefix": "",
            "path": "/",
            "permissions_boundary": "",
            "tags": {},
            "tags_all": {},
            "unique_id": "AROA3WR6QX6AIEPQFSEQO"
          },
          "sensitive_attributes": [],
          "identity_schema_version": 0,
          "private": "bnVsbA=="
        }
      ]
    },
    {
      "module": "module.eks_cluster_role",
      "mode": "managed",
      "type": "aws_iam_role_policy_attachment",
      "name": "cluster_policy",
      "provider": "provider[\"registry.terraform.io/hashicorp/aws\"]",
      "instances": [
        {
          "index_key": "arn:aws:iam::aws:policy/AmazonEKSClusterPolicy",
          "schema_version": 0,
          "attributes": {
            "id": "eks-cluster-role-20250816094144266800000003",
            "policy_arn": "arn:aws:iam::aws:policy/AmazonEKSClusterPolicy",
            "role": "eks-cluster-role"
          },
          "sensitive_attributes": [],
          "identity_schema_version": 0,
          "private": "bnVsbA==",
          "dependencies": [
            "module.eks_cluster_role.aws_iam_role.cluster_role"
          ]
        }
      ]
    },
    {
      "module": "module.eks_dr",
      "mode": "managed",
      "type": "aws_eks_cluster",
      "name": "App",
      "provider": "provider[\"registry.terraform.io/hashicorp/aws\"].dr",
      "instances": [
        {
          "schema_version": 1,
          "attributes": {
            "access_config": [
              {
                "authentication_mode": "CONFIG_MAP",
                "bootstrap_cluster_creator_admin_permissions": true
              }
            ],
            "arn": "arn:aws:eks:ap-south-1:804363747200:cluster/eks-dr",
            "bootstrap_self_managed_addons": true,
            "certificate_authority": [
              {
                "data": "LS0tLS1CRUdJTiBDRVJUSUZJQ0FURS0tLS0tCk1JSURCVENDQWUyZ0F3SUJBZ0lJR01OSkltbmRSYVV3RFFZSktvWklodmNOQVFFTEJRQXdGVEVUTUJFR0ExVUUKQXhNS2EzVmlaWEp1WlhSbGN6QWVGdzB5TlRBNE1UWXdPVFF4TXpKYUZ3MHpOVEE0TVRRd09UUTJNekphTUJVeApFekFSQmdOVkJBTVRDbXQxWW1WeWJtVjBaWE13Z2dFaU1BMEdDU3FHU0liM0RRRUJBUVVBQTRJQkR3QXdnZ0VLCkFvSUJBUURvQXJMUzk1Y201eHhQK2hSMVg2N25wbVZlMlp0VkR4WTZ3Z2hIRThjY2pTTS9JV1IwOUUrRjBINHUKaDlrK3FGdUc4RWR3ZHNjSmFPakRlSzA2dFduQkw5M3lZdkI4cUIybEozNFF5UU1kZnVrQzMwSnZwZVVXRVE5Uwo4UjFtbTgvTUd2OHV5emRRdXhpM2Q4Rnlja0JRL1Bwa0VoVUFNR1gyR2RTZWtOSjBPa25HdDdRL04zRE93ZHpvCkRsUFZ3Z0lMbEsxaE1aRmZhUmxMV09ERnp1N3lsYzB2aFAreURNY21neGFTc1NYbEpmcS94eFZFTk9IVno5cnQKUmFJa3hwYlVpV3ZtRi9BN2FzRTkxdTd1Zzk2cDd3bEJ1ZTRLeUVYWGFFSk9JZ0RkSHFnOVJKNDRyMXVDZyt1RQo0OWY3RXNjLzM1RXA0YlpiNytMa3FNb0J2aTR6QWdNQkFBR2pXVEJYTUE0R0ExVWREd0VCL3dRRUF3SUNwREFQCkJnTlZIUk1CQWY4RUJUQURBUUgvTUIwR0ExVWREZ1FXQkJSS2htVUlEbG9kTUVUeDJYUXZDNjNSZmJXOHVUQVYKQmdOVkhSRUVEakFNZ2dwcmRXSmxjbTVsZEdWek1BMEdDU3FHU0liM0RRRUJDd1VBQTRJQkFRQXNaelhrQi85QQpzYmtXUEVpbm9WZCtRMEgxWDE4aGVackVuOVluSVI5NGtaU3drT2VHQTZFWE1POXVnRW5EQ3ZaMTZQQ2xDajRiCnREZUs2NmdEclBZMEhKVjZZWXhsN053TFI1OU12UjZXNUZ2a2VpOFVLbEtXZUpobjJ6TnNQSFNpUjVmYlBXZ04KMjBMSGJnblltMlk5TWVCK2ZuZ1FPeWIrTnNBeWZwZDhlTTFSbklQdVNrVElLeEp4OUpoRnBiVFU0dWhzTW8yVgpOUnA2RkV4Tk1Ia2xaMzFJRU1YWk4xVUpGQk50QUxoZVc3Sy8zNllnU0VEaHpEdURKMXIxRFoyRkFRYys5YkE4ClpuU3ZXZDBmOFJTcDR2YXkxVlN4Qkprc2NTNlZZWk9yMHJadnloMk9JTmZhZ0JzNzc4YmpJa0FRdnhtVHdsZ2cKSkEvZnE0Qnlpamg5Ci0tLS0tRU5EIENFUlRJRklDQVRFLS0tLS0K"
              }
            ],
            "cluster_id": null,
            "compute_config": [],
            "created_at": "2025-08-16T09:42:02Z",
            "enabled_cluster_log_types": [],
            "encryption_config": [],
            "endpoint": "https://2FD666E051B80B2F7BFA2EE891DA32A5.gr7.ap-south-1.eks.amazonaws.com",
            "force_update_version": null,
            "id": "eks-dr",
            "identity": [
              {
                "oidc": [
                  {
                    "issuer": "https://oidc.eks.ap-south-1.amazonaws.com/id/2FD666E051B80B2F7BFA2EE891DA32A5"
                  }
                ]
              }
            ],
            "kubernetes_network_config": [
              {
                "elastic_load_balancing": [
                  {
                    "enabled": false
                  }
                ],
                "ip_family": "ipv4",
                "service_ipv4_cidr": "172.20.0.0/16",
                "service_ipv6_cidr": ""
              }
            ],
            "name": "eks-dr",
            "outpost_config": [],
            "platform_version": "eks.17",
            "remote_network_config": [],
            "role_arn": "arn:aws:iam::804363747200:role/eks-cluster-role",
            "status": "ACTIVE",
            "storage_config": [],
            "tags": {
              "Name": "eks-dr"
            },
            "tags_all": {
              "Name": "eks-dr"
            },
            "timeouts": null,
            "upgrade_policy": [
              {
                "support_type": "EXTENDED"
              }
            ],
            "version": "1.32",
            "vpc_config": [
              {
                "cluster_security_group_id": "sg-0ac28779c5f9e7c34",
                "endpoint_private_access": true,
                "endpoint_public_access": true,
                "public_access_cidrs": [
                  "0.0.0.0/0"
                ],
                "security_group_ids": [
                  "sg-0a0ed619e9009f567"
                ],
                "subnet_ids": [
                  "subnet-07a64899499349400",
                  "subnet-090a96ecf5684278d"
                ],
                "vpc_id": "vpc-0a11aabf515ecc095"
              }
            ],
            "zonal_shift_config": []
          },
          "sensitive_attributes": [],
          "identity_schema_version": 0,
          "private": "eyJlMmJmYjczMC1lY2FhLTExZTYtOGY4OC0zNDM2M2JjN2M0YzAiOnsiY3JlYXRlIjoxODAwMDAwMDAwMDAwLCJkZWxldGUiOjkwMDAwMDAwMDAwMCwidXBkYXRlIjozNjAwMDAwMDAwMDAwfSwic2NoZW1hX3ZlcnNpb24iOiIxIn0=",
          "dependencies": [
            "module.eks_cluster_role.aws_iam_role.cluster_role",
            "module.eks_dr.aws_security_group.eks_cluster",
            "module.vpc_dr.aws_subnet.private",
            "module.vpc_dr.aws_vpc.network"
          ]
        }
      ]
    },
    {
      "module": "module.eks_dr",
      "mode": "managed",
      "type": "aws_eks_node_group",
      "name": "ng1",
      "provider": "provider[\"registry.terraform.io/hashicorp/aws\"].dr",
      "instances": [
        {
          "status": "tainted",
          "schema_version": 0,
          "attributes": {
            "ami_type": "AL2023_x86_64_STANDARD",
            "arn": "arn:aws:eks:ap-south-1:804363747200:nodegroup/eks-dr/eks-dr-ng1/0ccc594f-5d48-4cf4-d5f0-4dfead92e15e",
            "capacity_type": "ON_DEMAND",
            "cluster_name": "eks-dr",
            "disk_size": 20,
            "force_update_version": null,
            "id": "eks-dr:eks-dr-ng1",
            "instance_types": [
              "t3.medium"
            ],
            "labels": {},
            "launch_template": [],
            "node_group_name": "eks-dr-ng1",
            "node_group_name_prefix": "",
            "node_repair_config": [],
            "node_role_arn": "arn:aws:iam::804363747200:role/eks-node-group-role",
            "release_version": "1.32.7-20250813",
            "remote_access": [],
            "resources": [],
            "scaling_config": [
              {
                "desired_size": 2,
                "max_size": 2,
                "min_size": 1
              }
            ],
            "status": "CREATING",
            "subnet_ids": [
              "subnet-07a64899499349400"
            ],
            "tags": {},
            "tags_all": {},
            "taint": [],
            "timeouts": null,
            "update_config": [
              {
                "max_unavailable": 1,
                "max_unavailable_percentage": 0
              }
            ],
            "version": "1.32"
          },
          "sensitive_attributes": [],
          "identity_schema_version": 0,
          "private": "eyJlMmJmYjczMC1lY2FhLTExZTYtOGY4OC0zNDM2M2JjN2M0YzAiOnsiY3JlYXRlIjozNjAwMDAwMDAwMDAwLCJkZWxldGUiOjM2MDAwMDAwMDAwMDAsInVwZGF0ZSI6MzYwMDAwMDAwMDAwMH19",
          "dependencies": [
            "module.eks_cluster_role.aws_iam_role.cluster_role",
            "module.eks_dr.aws_eks_cluster.App",
            "module.eks_dr.aws_security_group.eks_cluster",
            "module.eks_node_group_role.aws_iam_role.cluster_role",
            "module.vpc_dr.aws_subnet.private",
            "module.vpc_dr.aws_vpc.network"
          ]
        }
      ]
    },
    {
      "module": "module.eks_dr",
      "mode": "managed",
      "type": "aws_eks_node_group",
      "name": "ng2",
      "provider": "provider[\"registry.terraform.io/hashicorp/aws\"].dr",
      "instances": [
        {
          "status": "tainted",
          "schema_version": 0,
          "attributes": {
            "ami_type": "AL2023_x86_64_STANDARD",
            "arn": "arn:aws:eks:ap-south-1:804363747200:nodegroup/eks-dr/eks-dr-ng2/b2cc594f-5ce1-cb76-410d-ecaf439c9a61",
            "capacity_type": "ON_DEMAND",
            "cluster_name": "eks-dr",
            "disk_size": 20,
            "force_update_version": null,
            "id": "eks-dr:eks-dr-ng2",
            "instance_types": [
              "t3.medium"
            ],
            "labels": {},
            "launch_template": [],
            "node_group_name": "eks-dr-ng2",
            "node_group_name_prefix": "",
            "node_repair_config": [],
            "node_role_arn": "arn:aws:iam::804363747200:role/eks-node-group-role",
            "release_version": "1.32.7-20250813",
            "remote_access": [],
            "resources": [],
            "scaling_config": [
              {
                "desired_size": 2,
                "max_size": 2,
                "min_size": 1
              }
            ],
            "status": "CREATING",
            "subnet_ids": [
              "subnet-07a64899499349400"
            ],
            "tags": {},
            "tags_all": {},
            "taint": [],
            "timeouts": null,
            "update_config": [
              {
                "max_unavailable": 1,
                "max_unavailable_percentage": 0
              }
            ],
            "version": "1.32"
          },
          "sensitive_attributes": [],
          "identity_schema_version": 0,
          "private": "eyJlMmJmYjczMC1lY2FhLTExZTYtOGY4OC0zNDM2M2JjN2M0YzAiOnsiY3JlYXRlIjozNjAwMDAwMDAwMDAwLCJkZWxldGUiOjM2MDAwMDAwMDAwMDAsInVwZGF0ZSI6MzYwMDAwMDAwMDAwMH19",
          "dependencies": [
            "module.eks_cluster_role.aws_iam_role.cluster_role",
            "module.eks_dr.aws_eks_cluster.App",
            "module.eks_dr.aws_security_group.eks_cluster",
            "module.eks_node_group_role.aws_iam_role.cluster_role",
            "module.vpc_dr.aws_subnet.private",
            "module.vpc_dr.aws_vpc.network"
          ]
        }
      ]
    },
    {
      "module": "module.eks_dr",
      "mode": "managed",
      "type": "aws_security_group",
      "name": "eks_cluster",
      "provider": "provider[\"registry.terraform.io/hashicorp/aws\"].dr",
      "instances": [
        {
          "schema_version": 1,
          "attributes": {
            "arn": "arn:aws:ec2:ap-south-1:804363747200:security-group/sg-0a0ed619e9009f567",
            "description": "Security group for EKS cluster control plane",
            "egress": [
              {
                "cidr_blocks": [
                  "0.0.0.0/0"
                ],
                "description": "Allow all outbound traffic",
                "from_port": 0,
                "ipv6_cidr_blocks": [],
                "prefix_list_ids": [],
                "protocol": "-1",
                "security_groups": [],
                "self": false,
                "to_port": 0
              }
            ],
            "id": "sg-0a0ed619e9009f567",
            "ingress": [
              {
                "cidr_blocks": [
                  "60.243.95.65/32"
                ],
                "description": "Allow Kubernetes API access",
                "from_port": 443,
                "ipv6_cidr_blocks": [],
                "prefix_list_ids": [],
                "protocol": "tcp",
                "security_groups": [],
                "self": false,
                "to_port": 443
              }
            ],
            "name": "eks-dr-cluster-sg",
            "name_prefix": "",
            "owner_id": "804363747200",
            "revoke_rules_on_delete": false,
            "tags": {
              "Name": "eks-dr-cluster-sg"
            },
            "tags_all": {
              "Name": "eks-dr-cluster-sg"
            },
            "timeouts": null,
            "vpc_id": "vpc-0a11aabf515ecc095"
          },
          "sensitive_attributes": [],
          "identity_schema_version": 0,
          "private": "eyJlMmJmYjczMC1lY2FhLTExZTYtOGY4OC0zNDM2M2JjN2M0YzAiOnsiY3JlYXRlIjo2MDAwMDAwMDAwMDAsImRlbGV0ZSI6OTAwMDAwMDAwMDAwfSwic2NoZW1hX3ZlcnNpb24iOiIxIn0=",
          "dependencies": [
            "module.vpc_dr.aws_vpc.network"
          ]
        }
      ]
    },
    {
      "module": "module.eks_node_group_role",
      "mode": "managed",
      "type": "aws_iam_role",
      "name": "cluster_role",
      "provider": "provider[\"registry.terraform.io/hashicorp/aws\"]",
      "instances": [
        {
          "schema_version": 0,
          "attributes": {
            "arn": "arn:aws:iam::804363747200:role/eks-node-group-role",
            "assume_role_policy": "{\"Statement\":[{\"Action\":\"sts:AssumeRole\",\"Effect\":\"Allow\",\"Principal\":{\"Service\":[\"ec2.amazonaws.com\"]}}],\"Version\":\"2012-10-17\"}",
            "create_date": "2025-08-16T09:41:43Z",
            "description": "",
            "force_detach_policies": false,
            "id": "eks-node-group-role",
            "inline_policy": [],
            "managed_policy_arns": [
              "arn:aws:iam::aws:policy/AmazonEC2ContainerRegistryReadOnly",
              "arn:aws:iam::aws:policy/AmazonEKSWorkerNodePolicy",
              "arn:aws:iam::aws:policy/AmazonEKS_CNI_Policy",
              "arn:aws:iam::aws:policy/CloudWatchAgentServerPolicy"
            ],
            "max_session_duration": 3600,
            "name": "eks-node-group-role",
            "name_prefix": "",
            "path": "/",
            "permissions_boundary": "",
            "tags": {},
            "tags_all": {},
            "unique_id": "AROA3WR6QX6AFANDMNEV4"
          },
          "sensitive_attributes": [],
          "identity_schema_version": 0,
          "private": "bnVsbA=="
        }
      ]
    },
    {
      "module": "module.eks_node_group_role",
      "mode": "managed",
      "type": "aws_iam_role_policy_attachment",
      "name": "cluster_policy",
      "provider": "provider[\"registry.terraform.io/hashicorp/aws\"]",
      "instances": [
        {
          "index_key": "arn:aws:iam::aws:policy/AmazonEC2ContainerRegistryReadOnly",
          "schema_version": 0,
          "attributes": {
            "id": "eks-node-group-role-20250816094145378000000007",
            "policy_arn": "arn:aws:iam::aws:policy/AmazonEC2ContainerRegistryReadOnly",
            "role": "eks-node-group-role"
          },
          "sensitive_attributes": [],
          "identity_schema_version": 0,
          "private": "bnVsbA==",
          "dependencies": [
            "module.eks_node_group_role.aws_iam_role.cluster_role"
          ]
        },
        {
          "index_key": "arn:aws:iam::aws:policy/AmazonEKSWorkerNodePolicy",
          "schema_version": 0,
          "attributes": {
            "id": "eks-node-group-role-20250816094145036900000006",
            "policy_arn": "arn:aws:iam::aws:policy/AmazonEKSWorkerNodePolicy",
            "role": "eks-node-group-role"
          },
          "sensitive_attributes": [],
          "identity_schema_version": 0,
          "private": "bnVsbA==",
          "dependencies": [
            "module.eks_node_group_role.aws_iam_role.cluster_role"
          ]
        },
        {
          "index_key": "arn:aws:iam::aws:policy/AmazonEKS_CNI_Policy",
          "schema_version": 0,
          "attributes": {
            "id": "eks-node-group-role-20250816094145034400000005",
            "policy_arn": "arn:aws:iam::aws:policy/AmazonEKS_CNI_Policy",
            "role": "eks-node-group-role"
          },
          "sensitive_attributes": [],
          "identity_schema_version": 0,
          "private": "bnVsbA==",
          "dependencies": [
            "module.eks_node_group_role.aws_iam_role.cluster_role"
          ]
        },
        {
          "index_key": "arn:aws:iam::aws:policy/CloudWatchAgentServerPolicy",
          "schema_version": 0,
          "attributes": {
            "id": "eks-node-group-role-20250816094144485600000004",
            "policy_arn": "arn:aws:iam::aws:policy/CloudWatchAgentServerPolicy",
            "role": "eks-node-group-role"
          },
          "sensitive_attributes": [],
          "identity_schema_version": 0,
          "private": "bnVsbA==",
          "dependencies": [
            "module.eks_node_group_role.aws_iam_role.cluster_role"
          ]
        }
      ]
    },
    {
      "module": "module.eks_primary",
      "mode": "managed",
      "type": "aws_eks_cluster",
      "name": "App",
      "provider": "provider[\"registry.terraform.io/hashicorp/aws\"].primary",
      "instances": [
        {
          "schema_version": 1,
          "attributes": {
            "access_config": [
              {
                "authentication_mode": "CONFIG_MAP",
                "bootstrap_cluster_creator_admin_permissions": true
              }
            ],
            "arn": "arn:aws:eks:us-east-1:804363747200:cluster/eks-primary",
            "bootstrap_self_managed_addons": true,
            "certificate_authority": [
              {
                "data": "LS0tLS1CRUdJTiBDRVJUSUZJQ0FURS0tLS0tCk1JSURCVENDQWUyZ0F3SUJBZ0lJVTQwbjZ3SS9obnN3RFFZSktvWklodmNOQVFFTEJRQXdGVEVUTUJFR0ExVUUKQXhNS2EzVmlaWEp1WlhSbGN6QWVGdzB5TlRBNE1UWXdPVFF5TWpCYUZ3MHpOVEE0TVRRd09UUTNNakJhTUJVeApFekFSQmdOVkJBTVRDbXQxWW1WeWJtVjBaWE13Z2dFaU1BMEdDU3FHU0liM0RRRUJBUVVBQTRJQkR3QXdnZ0VLCkFvSUJBUURLaEVvamEvMXFhNlE4U0tWSitnZDJWbnpBQitqaFIzVm9zMzZ3VDdKdEV5azhoOFYwclpOdlo4UksKZkx3UlB6MjIrbTBNMkNCWS92b0VsdHlwY2VydThjMVpkcGlORUhhWkh5aUxGY1Yrdmd3MWlFdFVLV09TY1dwUQpQdXY2UmI4YW5INGo1MUI2b01pOThYb1Q5VkdRaEx2aW9acDVHaFR4MjJXWFNHTUNQN2ZhWTl1UVp3VURaTlY3CkJRODYyc0tRY3ZJNmY4Zi9FOS9wTllMOEVoR2hRdG1jYWU0T2xBZmNnUHpBajRwV3R3ZkpCc21jaHZHZ1hWb2UKWTVZMlo3NmwvNGNkQi9xb2hXWjBRZzVuOFoxaGVxWDZ5dkhKalFaMkpTZXR0a0NmYWNtRCsxUzZHaE5TLzB1OQpRSy9mTVdmQzVoR0Z6TUZQWkFXUVlaVksxVWdOQWdNQkFBR2pXVEJYTUE0R0ExVWREd0VCL3dRRUF3SUNwREFQCkJnTlZIUk1CQWY4RUJUQURBUUgvTUIwR0ExVWREZ1FXQkJSZmtkVXZQYTd1TklNMjA2Vjc4cU0wOExSSTVqQVYKQmdOVkhSRUVEakFNZ2dwcmRXSmxjbTVsZEdWek1BMEdDU3FHU0liM0RRRUJDd1VBQTRJQkFRQmVEK2l0RFpERQpNbTJIdExUZTdXYWFWelVLK0VNYzNBVEptL0tTNTRoZ0pyTlRnNkM0eG9xT0pyeXdsVFlsaStGYktocVdDbEtMCnJ1R3AvdmRLeUhWSG9pTXdTWjdsTTBUU2NhRlhVdVdiUGdLMXVOT0NiVnRzM0VTOTNnaVc3SmNsemkybUwvVlcKK3p2a2Q4SkUrNG0yWVMvMGU4MHRUaUJ2VmNxckN4SzFkMjlFSFA2YU4xL3M3YjhZV25IT2pOZmtxTENyZUZ6RwpOeFEwTldjdHBidUZJSGRtekhnU1BCOFhhWDhWMG85b2g3RU5hWXkvZXdGc0tYVFkyMXdPUm1MRjhOUGIzbzByClpzWTBvUDcyLzNrOW05UndsckI5eFQrbFlBQkMxUFJ6aGRVcHNkZmZ4VCtyblAwNmRucTF1QVh5YWpNRTJLZXgKZkxhdkZQZEJyeHF5Ci0tLS0tRU5EIENFUlRJRklDQVRFLS0tLS0K"
              }
            ],
            "cluster_id": null,
            "compute_config": [],
            "created_at": "2025-08-16T09:42:14Z",
            "enabled_cluster_log_types": [],
            "encryption_config": [],
            "endpoint": "https://A2540B26F3AB883556EA7A15FF182CF3.yl4.us-east-1.eks.amazonaws.com",
            "force_update_version": null,
            "id": "eks-primary",
            "identity": [
              {
                "oidc": [
                  {
                    "issuer": "https://oidc.eks.us-east-1.amazonaws.com/id/A2540B26F3AB883556EA7A15FF182CF3"
                  }
                ]
              }
            ],
            "kubernetes_network_config": [
              {
                "elastic_load_balancing": [
                  {
                    "enabled": false
                  }
                ],
                "ip_family": "ipv4",
                "service_ipv4_cidr": "172.20.0.0/16",
                "service_ipv6_cidr": ""
              }
            ],
            "name": "eks-primary",
            "outpost_config": [],
            "platform_version": "eks.17",
            "remote_network_config": [],
            "role_arn": "arn:aws:iam::804363747200:role/eks-cluster-role",
            "status": "ACTIVE",
            "storage_config": [],
            "tags": {
              "Name": "eks-primary"
            },
            "tags_all": {
              "Name": "eks-primary"
            },
            "timeouts": null,
            "upgrade_policy": [
              {
                "support_type": "EXTENDED"
              }
            ],
            "version": "1.32",
            "vpc_config": [
              {
                "cluster_security_group_id": "sg-08165f9e3ceb98b6b",
                "endpoint_private_access": true,
                "endpoint_public_access": true,
                "public_access_cidrs": [
                  "0.0.0.0/0"
                ],
                "security_group_ids": [
                  "sg-064af8d381ed79bbd"
                ],
                "subnet_ids": [
                  "subnet-01485e40963f0eeaa",
                  "subnet-0bb65230c7f362ce3"
                ],
                "vpc_id": "vpc-0d8ccef9315090347"
              }
            ],
            "zonal_shift_config": []
          },
          "sensitive_attributes": [],
          "identity_schema_version": 0,
          "private": "eyJlMmJmYjczMC1lY2FhLTExZTYtOGY4OC0zNDM2M2JjN2M0YzAiOnsiY3JlYXRlIjoxODAwMDAwMDAwMDAwLCJkZWxldGUiOjkwMDAwMDAwMDAwMCwidXBkYXRlIjozNjAwMDAwMDAwMDAwfSwic2NoZW1hX3ZlcnNpb24iOiIxIn0=",
          "dependencies": [
            "module.eks_cluster_role.aws_iam_role.cluster_role",
            "module.eks_primary.aws_security_group.eks_cluster",
            "module.vpc_primary.aws_subnet.private",
            "module.vpc_primary.aws_vpc.network"
          ]
        }
      ]
    },
    {
      "module": "module.eks_primary",
      "mode": "managed",
      "type": "aws_eks_node_group",
      "name": "ng1",
      "provider": "provider[\"registry.terraform.io/hashicorp/aws\"].primary",
      "instances": [
        {
          "status": "tainted",
          "schema_version": 0,
          "attributes": {
            "ami_type": "AL2023_x86_64_STANDARD",
            "arn": "arn:aws:eks:us-east-1:804363747200:nodegroup/eks-primary/eks-primary-ng1/04cc594f-6c2d-c551-cdee-cd0af568f199",
            "capacity_type": "ON_DEMAND",
            "cluster_name": "eks-primary",
            "disk_size": 20,
            "force_update_version": null,
            "id": "eks-primary:eks-primary-ng1",
            "instance_types": [
              "t3.medium"
            ],
            "labels": {},
            "launch_template": [],
            "node_group_name": "eks-primary-ng1",
            "node_group_name_prefix": "",
            "node_repair_config": [],
            "node_role_arn": "arn:aws:iam::804363747200:role/eks-node-group-role",
            "release_version": "1.32.7-20250813",
            "remote_access": [],
            "resources": [],
            "scaling_config": [
              {
                "desired_size": 2,
                "max_size": 2,
                "min_size": 1
              }
            ],
            "status": "CREATING",
            "subnet_ids": [
              "subnet-01485e40963f0eeaa"
            ],
            "tags": {},
            "tags_all": {},
            "taint": [],
            "timeouts": null,
            "update_config": [
              {
                "max_unavailable": 1,
                "max_unavailable_percentage": 0
              }
            ],
            "version": "1.32"
          },
          "sensitive_attributes": [],
          "identity_schema_version": 0,
          "private": "eyJlMmJmYjczMC1lY2FhLTExZTYtOGY4OC0zNDM2M2JjN2M0YzAiOnsiY3JlYXRlIjozNjAwMDAwMDAwMDAwLCJkZWxldGUiOjM2MDAwMDAwMDAwMDAsInVwZGF0ZSI6MzYwMDAwMDAwMDAwMH19",
          "dependencies": [
            "module.eks_cluster_role.aws_iam_role.cluster_role",
            "module.eks_node_group_role.aws_iam_role.cluster_role",
            "module.eks_primary.aws_eks_cluster.App",
            "module.eks_primary.aws_security_group.eks_cluster",
            "module.vpc_primary.aws_subnet.private",
            "module.vpc_primary.aws_vpc.network"
          ]
        }
      ]
    },
    {
      "module": "module.eks_primary",
      "mode": "managed",
      "type": "aws_eks_node_group",
      "name": "ng2",
      "provider": "provider[\"registry.terraform.io/hashicorp/aws\"].primary",
      "instances": [
        {
          "status": "tainted",
          "schema_version": 0,
          "attributes": {
            "ami_type": "AL2023_x86_64_STANDARD",
            "arn": "arn:aws:eks:us-east-1:804363747200:nodegroup/eks-primary/eks-primary-ng2/1ccc594f-57b1-a6ec-0861-94ff7a7198ed",
            "capacity_type": "ON_DEMAND",
            "cluster_name": "eks-primary",
            "disk_size": 20,
            "force_update_version": null,
            "id": "eks-primary:eks-primary-ng2",
            "instance_types": [
              "t3.medium"
            ],
            "labels": {},
            "launch_template": [],
            "node_group_name": "eks-primary-ng2",
            "node_group_name_prefix": "",
            "node_repair_config": [],
            "node_role_arn": "arn:aws:iam::804363747200:role/eks-node-group-role",
            "release_version": "1.32.7-20250813",
            "remote_access": [],
            "resources": [],
            "scaling_config": [
              {
                "desired_size": 2,
                "max_size": 2,
                "min_size": 1
              }
            ],
            "status": "CREATING",
            "subnet_ids": [
              "subnet-01485e40963f0eeaa"
            ],
            "tags": {},
            "tags_all": {},
            "taint": [],
            "timeouts": null,
            "update_config": [
              {
                "max_unavailable": 1,
                "max_unavailable_percentage": 0
              }
            ],
            "version": "1.32"
          },
          "sensitive_attributes": [],
          "identity_schema_version": 0,
          "private": "eyJlMmJmYjczMC1lY2FhLTExZTYtOGY4OC0zNDM2M2JjN2M0YzAiOnsiY3JlYXRlIjozNjAwMDAwMDAwMDAwLCJkZWxldGUiOjM2MDAwMDAwMDAwMDAsInVwZGF0ZSI6MzYwMDAwMDAwMDAwMH19",
          "dependencies": [
            "module.eks_cluster_role.aws_iam_role.cluster_role",
            "module.eks_node_group_role.aws_iam_role.cluster_role",
            "module.eks_primary.aws_eks_cluster.App",
            "module.eks_primary.aws_security_group.eks_cluster",
            "module.vpc_primary.aws_subnet.private",
            "module.vpc_primary.aws_vpc.network"
          ]
        }
      ]
    },
    {
      "module": "module.eks_primary",
      "mode": "managed",
      "type": "aws_security_group",
      "name": "eks_cluster",
      "provider": "provider[\"registry.terraform.io/hashicorp/aws\"].primary",
      "instances": [
        {
          "schema_version": 1,
          "attributes": {
            "arn": "arn:aws:ec2:us-east-1:804363747200:security-group/sg-064af8d381ed79bbd",
            "description": "Security group for EKS cluster control plane",
            "egress": [
              {
                "cidr_blocks": [
                  "0.0.0.0/0"
                ],
                "description": "Allow all outbound traffic",
                "from_port": 0,
                "ipv6_cidr_blocks": [],
                "prefix_list_ids": [],
                "protocol": "-1",
                "security_groups": [],
                "self": false,
                "to_port": 0
              }
            ],
            "id": "sg-064af8d381ed79bbd",
            "ingress": [
              {
                "cidr_blocks": [
                  "60.243.95.65/32"
                ],
                "description": "Allow Kubernetes API access",
                "from_port": 443,
                "ipv6_cidr_blocks": [],
                "prefix_list_ids": [],
                "protocol": "tcp",
                "security_groups": [],
                "self": false,
                "to_port": 443
              }
            ],
            "name": "eks-primary-cluster-sg",
            "name_prefix": "",
            "owner_id": "804363747200",
            "revoke_rules_on_delete": false,
            "tags": {
              "Name": "eks-primary-cluster-sg"
            },
            "tags_all": {
              "Name": "eks-primary-cluster-sg"
            },
            "timeouts": null,
            "vpc_id": "vpc-0d8ccef9315090347"
          },
          "sensitive_attributes": [],
          "identity_schema_version": 0,
          "private": "eyJlMmJmYjczMC1lY2FhLTExZTYtOGY4OC0zNDM2M2JjN2M0YzAiOnsiY3JlYXRlIjo2MDAwMDAwMDAwMDAsImRlbGV0ZSI6OTAwMDAwMDAwMDAwfSwic2NoZW1hX3ZlcnNpb24iOiIxIn0=",
          "dependencies": [
            "module.vpc_primary.aws_vpc.network"
          ]
        }
      ]
    },
    {
      "module": "module.rds_dr",
      "mode": "managed",
      "type": "aws_db_instance",
      "name": "db",
      "provider": "provider[\"registry.terraform.io/hashicorp/aws\"].dr",
      "instances": [
        {
          "status": "tainted",
          "schema_version": 2,
          "attributes": {
            "address": "dr-rds.cnko8sckej92.ap-south-1.rds.amazonaws.com",
            "allocated_storage": 50,
            "allow_major_version_upgrade": null,
            "apply_immediately": false,
            "arn": "arn:aws:rds:ap-south-1:804363747200:db:dr-rds",
            "auto_minor_version_upgrade": true,
            "availability_zone": "ap-south-1a",
            "backup_retention_period": 30,
            "backup_target": "region",
            "backup_window": "20:21-20:51",
            "blue_green_update": [],
            "ca_cert_identifier": "rds-ca-rsa2048-g1",
            "character_set_name": "",
            "copy_tags_to_snapshot": false,
            "custom_iam_instance_profile": "",
            "customer_owned_ip_enabled": false,
            "database_insights_mode": "standard",
            "db_name": "",
            "db_subnet_group_name": "dr-db-subnet-group",
            "dedicated_log_volume": false,
            "delete_automated_backups": true,
            "deletion_protection": false,
            "domain": "",
            "domain_auth_secret_arn": "",
            "domain_dns_ips": [],
            "domain_fqdn": "",
            "domain_iam_role_name": "",
            "domain_ou": "",
            "enabled_cloudwatch_logs_exports": [],
            "endpoint": "dr-rds.cnko8sckej92.ap-south-1.rds.amazonaws.com:3306",
            "engine": "mysql",
            "engine_lifecycle_support": "open-source-rds-extended-support",
            "engine_version": "8.0",
            "engine_version_actual": "8.0.42",
            "final_snapshot_identifier": "rds-db-snap",
            "hosted_zone_id": "Z2VFMSZA74J7XZ",
            "iam_database_authentication_enabled": false,
            "id": "db-KSQSAOJC4NYWDQIJOEXN4XBJZ4",
            "identifier": "dr-rds",
            "identifier_prefix": "",
            "instance_class": "db.t3.medium",
            "iops": 0,
            "kms_key_id": "arn:aws:kms:ap-south-1:804363747200:key/e289a4f3-0810-4d4d-ad0d-96781f3ebfe5",
            "latest_restorable_time": "2025-08-16T11:30:00Z",
            "license_model": "general-public-license",
            "listener_endpoint": [],
            "maintenance_window": "sun:06:25-sun:06:55",
            "manage_master_user_password": null,
            "master_user_secret": [],
            "master_user_secret_kms_key_id": null,
            "max_allocated_storage": 0,
            "monitoring_interval": 60,
            "monitoring_role_arn": "arn:aws:iam::804363747200:role/RDS-monitoring-role",
            "multi_az": true,
            "nchar_character_set_name": "",
            "network_type": "IPV4",
            "option_group_name": "default:mysql-8-0",
            "parameter_group_name": "default.mysql8.0",
            "password": "SuperSecret123!",
            "password_wo": null,
            "password_wo_version": null,
            "performance_insights_enabled": false,
            "performance_insights_kms_key_id": "",
            "performance_insights_retention_period": 0,
            "port": 3306,
            "publicly_accessible": false,
            "replica_mode": "",
            "replicas": [],
            "replicate_source_db": "",
            "resource_id": "db-KSQSAOJC4NYWDQIJOEXN4XBJZ4",
            "restore_to_point_in_time": [],
            "s3_import": [],
            "skip_final_snapshot": false,
            "snapshot_identifier": null,
            "status": "available",
            "storage_encrypted": true,
            "storage_throughput": 0,
            "storage_type": "gp2",
            "tags": {
              "Name": "dr-rds"
            },
            "tags_all": {
              "Name": "dr-rds"
            },
            "timeouts": null,
            "timezone": "",
            "upgrade_storage_config": null,
            "username": "admin",
            "vpc_security_group_ids": [
              "sg-0a8041df6bc93e87c"
            ]
          },
          "sensitive_attributes": [
            [
              {
                "type": "get_attr",
                "value": "password"
              }
            ],
            [
              {
                "type": "get_attr",
                "value": "password_wo"
              }
            ]
          ],
          "identity_schema_version": 0,
          "private": "eyJlMmJmYjczMC1lY2FhLTExZTYtOGY4OC0zNDM2M2JjN2M0YzAiOnsiY3JlYXRlIjozMDAwMDAwMDAwMDAwLCJkZWxldGUiOjM2MDAwMDAwMDAwMDAsInVwZGF0ZSI6NDgwMDAwMDAwMDAwMH0sInNjaGVtYV92ZXJzaW9uIjoiMiJ9",
          "dependencies": [
            "module.rds_dr.aws_db_subnet_group.db",
            "module.rds_mysql_role.aws_iam_role.cluster_role",
            "module.rds_mysql_role_dr.aws_iam_role.cluster_role",
            "module.sg_rds_dr.aws_security_group.sgroup",
            "module.vpc_dr.aws_subnet.db",
            "module.vpc_dr.aws_vpc.network"
          ]
        }
      ]
    },
    {
      "module": "module.rds_dr",
      "mode": "managed",
      "type": "aws_db_subnet_group",
      "name": "db",
      "provider": "provider[\"registry.terraform.io/hashicorp/aws\"].dr",
      "instances": [
        {
          "schema_version": 0,
          "attributes": {
            "arn": "arn:aws:rds:ap-south-1:804363747200:subgrp:dr-db-subnet-group",
            "description": "Managed by Terraform",
            "id": "dr-db-subnet-group",
            "name": "dr-db-subnet-group",
            "name_prefix": "",
            "subnet_ids": [
              "subnet-045e5cc4b82747334",
              "subnet-0ce66659e67f804b8"
            ],
            "supported_network_types": [
              "IPV4"
            ],
            "tags": {},
            "tags_all": {},
            "vpc_id": "vpc-0a11aabf515ecc095"
          },
          "sensitive_attributes": [],
          "identity_schema_version": 0,
          "private": "bnVsbA==",
          "dependencies": [
            "module.vpc_dr.aws_subnet.db",
            "module.vpc_dr.aws_vpc.network"
          ]
        }
      ]
    },
    {
      "module": "module.rds_mysql_role",
      "mode": "managed",
      "type": "aws_iam_role",
      "name": "cluster_role",
      "provider": "provider[\"registry.terraform.io/hashicorp/aws\"].primary",
      "instances": [
        {
          "schema_version": 0,
          "attributes": {
            "arn": "arn:aws:iam::804363747200:role/RDS-monitoring-role",
            "assume_role_policy": "{\"Statement\":[{\"Action\":\"sts:AssumeRole\",\"Effect\":\"Allow\",\"Principal\":{\"Service\":[\"monitoring.rds.amazonaws.com\"]}}],\"Version\":\"2012-10-17\"}",
            "create_date": "2025-08-16T09:41:43Z",
            "description": "",
            "force_detach_policies": false,
            "id": "RDS-monitoring-role",
            "inline_policy": [],
            "managed_policy_arns": [
              "arn:aws:iam::aws:policy/service-role/AmazonRDSEnhancedMonitoringRole"
            ],
            "max_session_duration": 3600,
            "name": "RDS-monitoring-role",
            "name_prefix": "",
            "path": "/",
            "permissions_boundary": "",
            "tags": {},
            "tags_all": {},
            "unique_id": "AROA3WR6QX6AGSZOTTSKR"
          },
          "sensitive_attributes": [],
          "identity_schema_version": 0,
          "private": "bnVsbA=="
        }
      ]
    },
    {
      "module": "module.rds_mysql_role",
      "mode": "managed",
      "type": "aws_iam_role_policy_attachment",
      "name": "cluster_policy",
      "provider": "provider[\"registry.terraform.io/hashicorp/aws\"].primary",
      "instances": [
        {
          "index_key": "arn:aws:iam::aws:policy/service-role/AmazonRDSEnhancedMonitoringRole",
          "schema_version": 0,
          "attributes": {
            "id": "RDS-monitoring-role-20250816094144266300000002",
            "policy_arn": "arn:aws:iam::aws:policy/service-role/AmazonRDSEnhancedMonitoringRole",
            "role": "RDS-monitoring-role"
          },
          "sensitive_attributes": [],
          "identity_schema_version": 0,
          "private": "bnVsbA==",
          "dependencies": [
            "module.rds_mysql_role.aws_iam_role.cluster_role"
          ]
        }
      ]
    },
    {
      "module": "module.rds_mysql_role_dr",
      "mode": "managed",
      "type": "aws_iam_role",
      "name": "cluster_role",
      "provider": "provider[\"registry.terraform.io/hashicorp/aws\"].dr",
      "instances": []
    },
    {
      "module": "module.rds_primary",
      "mode": "managed",
      "type": "aws_db_instance",
      "name": "db",
      "provider": "provider[\"registry.terraform.io/hashicorp/aws\"].primary",
      "instances": [
        {
          "schema_version": 2,
          "attributes": {
            "address": "primary-rds.cobkwouc2r40.us-east-1.rds.amazonaws.com",
            "allocated_storage": 50,
            "allow_major_version_upgrade": null,
            "apply_immediately": false,
            "arn": "arn:aws:rds:us-east-1:804363747200:db:primary-rds",
            "auto_minor_version_upgrade": true,
            "availability_zone": "us-east-1b",
            "backup_retention_period": 30,
            "backup_target": "region",
            "backup_window": "07:03-07:33",
            "blue_green_update": [],
            "ca_cert_identifier": "rds-ca-rsa2048-g1",
            "character_set_name": "",
            "copy_tags_to_snapshot": false,
            "custom_iam_instance_profile": "",
            "customer_owned_ip_enabled": false,
            "database_insights_mode": "standard",
            "db_name": "",
            "db_subnet_group_name": "primary-db-subnet-group",
            "dedicated_log_volume": false,
            "delete_automated_backups": true,
            "deletion_protection": false,
            "domain": "",
            "domain_auth_secret_arn": "",
            "domain_dns_ips": [],
            "domain_fqdn": "",
            "domain_iam_role_name": "",
            "domain_ou": "",
            "enabled_cloudwatch_logs_exports": [],
            "endpoint": "primary-rds.cobkwouc2r40.us-east-1.rds.amazonaws.com:3306",
            "engine": "mysql",
            "engine_lifecycle_support": "open-source-rds-extended-support",
            "engine_version": "8.0",
            "engine_version_actual": "8.0.42",
            "final_snapshot_identifier": "rds-db-snap",
            "hosted_zone_id": "Z2R2ITUGPM61AM",
            "iam_database_authentication_enabled": false,
            "id": "db-3EAE4WFIFJUFMNYOKJ5VLSTEXE",
            "identifier": "primary-rds",
            "identifier_prefix": "",
            "instance_class": "db.t3.medium",
            "iops": 0,
            "kms_key_id": "arn:aws:kms:us-east-1:804363747200:key/987bb071-66c1-4a05-bb74-ae07201ca5c0",
            "latest_restorable_time": "2025-08-16T11:30:00Z",
            "license_model": "general-public-license",
            "listener_endpoint": [],
            "maintenance_window": "sun:03:49-sun:04:19",
            "manage_master_user_password": null,
            "master_user_secret": [],
            "master_user_secret_kms_key_id": null,
            "max_allocated_storage": 0,
            "monitoring_interval": 60,
            "monitoring_role_arn": "arn:aws:iam::804363747200:role/RDS-monitoring-role",
            "multi_az": true,
            "nchar_character_set_name": "",
            "network_type": "IPV4",
            "option_group_name": "default:mysql-8-0",
            "parameter_group_name": "default.mysql8.0",
            "password": "SuperSecret123!",
            "password_wo": null,
            "password_wo_version": null,
            "performance_insights_enabled": false,
            "performance_insights_kms_key_id": "",
            "performance_insights_retention_period": 0,
            "port": 3306,
            "publicly_accessible": false,
            "replica_mode": "",
            "replicas": [],
            "replicate_source_db": "",
            "resource_id": "db-3EAE4WFIFJUFMNYOKJ5VLSTEXE",
            "restore_to_point_in_time": [],
            "s3_import": [],
            "skip_final_snapshot": false,
            "snapshot_identifier": null,
            "status": "available",
            "storage_encrypted": true,
            "storage_throughput": 0,
            "storage_type": "gp2",
            "tags": {
              "Name": "primary-rds"
            },
            "tags_all": {
              "Name": "primary-rds"
            },
            "timeouts": null,
            "timezone": "",
            "upgrade_storage_config": null,
            "username": "admin",
            "vpc_security_group_ids": [
              "sg-0503536aded10fd40"
            ]
          },
          "sensitive_attributes": [
            [
              {
                "type": "get_attr",
                "value": "password"
              }
            ],
            [
              {
                "type": "get_attr",
                "value": "password_wo"
              }
            ]
          ],
          "identity_schema_version": 0,
          "private": "eyJlMmJmYjczMC1lY2FhLTExZTYtOGY4OC0zNDM2M2JjN2M0YzAiOnsiY3JlYXRlIjozMDAwMDAwMDAwMDAwLCJkZWxldGUiOjM2MDAwMDAwMDAwMDAsInVwZGF0ZSI6NDgwMDAwMDAwMDAwMH0sInNjaGVtYV92ZXJzaW9uIjoiMiJ9",
          "dependencies": [
            "module.rds_mysql_role.aws_iam_role.cluster_role",
            "module.rds_primary.aws_db_subnet_group.db",
            "module.sg_rds_primary.aws_security_group.sgroup",
            "module.vpc_primary.aws_subnet.db",
            "module.vpc_primary.aws_vpc.network"
          ]
        }
      ]
    },
    {
      "module": "module.rds_primary",
      "mode": "managed",
      "type": "aws_db_subnet_group",
      "name": "db",
      "provider": "provider[\"registry.terraform.io/hashicorp/aws\"].primary",
      "instances": [
        {
          "schema_version": 0,
          "attributes": {
            "arn": "arn:aws:rds:us-east-1:804363747200:subgrp:primary-db-subnet-group",
            "description": "Managed by Terraform",
            "id": "primary-db-subnet-group",
            "name": "primary-db-subnet-group",
            "name_prefix": "",
            "subnet_ids": [
              "subnet-0460fe8694bac66d8",
              "subnet-0a06560fff7af1906"
            ],
            "supported_network_types": [
              "IPV4"
            ],
            "tags": {},
            "tags_all": {},
            "vpc_id": "vpc-0d8ccef9315090347"
          },
          "sensitive_attributes": [],
          "identity_schema_version": 0,
          "private": "bnVsbA==",
          "dependencies": [
            "module.vpc_primary.aws_subnet.db",
            "module.vpc_primary.aws_vpc.network"
          ]
        }
      ]
    },
    {
      "module": "module.sg_bastion_dr",
      "mode": "managed",
      "type": "aws_security_group",
      "name": "sgroup",
      "provider": "provider[\"registry.terraform.io/hashicorp/aws\"].dr",
      "instances": [
        {
          "schema_version": 1,
          "attributes": {
            "arn": "arn:aws:ec2:ap-south-1:804363747200:security-group/sg-0f92bdb5a674c4b05",
            "description": "bastion security group for dr",
            "egress": [
              {
                "cidr_blocks": [
                  "0.0.0.0/0"
                ],
                "description": "All outbound",
                "from_port": 0,
                "ipv6_cidr_blocks": [],
                "prefix_list_ids": [],
                "protocol": "-1",
                "security_groups": [],
                "self": false,
                "to_port": 0
              }
            ],
            "id": "sg-0f92bdb5a674c4b05",
            "ingress": [
              {
                "cidr_blocks": [
                  "60.243.95.65/32"
                ],
                "description": "SSH",
                "from_port": 22,
                "ipv6_cidr_blocks": [],
                "prefix_list_ids": [],
                "protocol": "tcp",
                "security_groups": [],
                "self": false,
                "to_port": 22
              }
            ],
            "name": "dr-bastion-sg",
            "name_prefix": "",
            "owner_id": "804363747200",
            "revoke_rules_on_delete": false,
            "tags": {
              "Name": "dr-bastion-sg"
            },
            "tags_all": {
              "Name": "dr-bastion-sg"
            },
            "timeouts": null,
            "vpc_id": "vpc-0a11aabf515ecc095"
          },
          "sensitive_attributes": [],
          "identity_schema_version": 0,
          "private": "eyJlMmJmYjczMC1lY2FhLTExZTYtOGY4OC0zNDM2M2JjN2M0YzAiOnsiY3JlYXRlIjo2MDAwMDAwMDAwMDAsImRlbGV0ZSI6OTAwMDAwMDAwMDAwfSwic2NoZW1hX3ZlcnNpb24iOiIxIn0=",
          "dependencies": [
            "module.vpc_dr.aws_vpc.network"
          ]
        }
      ]
    },
    {
      "module": "module.sg_bastion_primary",
      "mode": "managed",
      "type": "aws_security_group",
      "name": "sgroup",
      "provider": "provider[\"registry.terraform.io/hashicorp/aws\"].primary",
      "instances": [
        {
          "schema_version": 1,
          "attributes": {
            "arn": "arn:aws:ec2:us-east-1:804363747200:security-group/sg-07a155db0118151aa",
            "description": "bastion security group for primary",
            "egress": [
              {
                "cidr_blocks": [
                  "0.0.0.0/0"
                ],
                "description": "All outbound",
                "from_port": 0,
                "ipv6_cidr_blocks": [],
                "prefix_list_ids": [],
                "protocol": "-1",
                "security_groups": [],
                "self": false,
                "to_port": 0
              }
            ],
            "id": "sg-07a155db0118151aa",
            "ingress": [
              {
                "cidr_blocks": [
                  "60.243.95.65/32"
                ],
                "description": "SSH",
                "from_port": 22,
                "ipv6_cidr_blocks": [],
                "prefix_list_ids": [],
                "protocol": "tcp",
                "security_groups": [],
                "self": false,
                "to_port": 22
              }
            ],
            "name": "primary-bastion-sg",
            "name_prefix": "",
            "owner_id": "804363747200",
            "revoke_rules_on_delete": false,
            "tags": {
              "Name": "primary-bastion-sg"
            },
            "tags_all": {
              "Name": "primary-bastion-sg"
            },
            "timeouts": null,
            "vpc_id": "vpc-0d8ccef9315090347"
          },
          "sensitive_attributes": [],
          "identity_schema_version": 0,
          "private": "eyJlMmJmYjczMC1lY2FhLTExZTYtOGY4OC0zNDM2M2JjN2M0YzAiOnsiY3JlYXRlIjo2MDAwMDAwMDAwMDAsImRlbGV0ZSI6OTAwMDAwMDAwMDAwfSwic2NoZW1hX3ZlcnNpb24iOiIxIn0=",
          "dependencies": [
            "module.vpc_primary.aws_vpc.network"
          ]
        }
      ]
    },
    {
      "module": "module.sg_infra_primary",
      "mode": "managed",
      "type": "aws_security_group",
      "name": "sgroup",
      "provider": "provider[\"registry.terraform.io/hashicorp/aws\"].primary",
      "instances": [
        {
          "schema_version": 1,
          "attributes": {
            "arn": "arn:aws:ec2:us-east-1:804363747200:security-group/sg-0ea3e376917d0b6c4",
            "description": "infra security group for infra",
            "egress": [
              {
                "cidr_blocks": [
                  "0.0.0.0/0"
                ],
                "description": "Allow all outbound",
                "from_port": 0,
                "ipv6_cidr_blocks": [],
                "prefix_list_ids": [],
                "protocol": "-1",
                "security_groups": [],
                "self": false,
                "to_port": 0
              }
            ],
            "id": "sg-0ea3e376917d0b6c4",
            "ingress": [
              {
                "cidr_blocks": [
                  "0.0.0.0/0"
                ],
                "description": "Allow port 8080",
                "from_port": 8080,
                "ipv6_cidr_blocks": [],
                "prefix_list_ids": [],
                "protocol": "tcp",
                "security_groups": [],
                "self": false,
                "to_port": 8080
              },
              {
                "cidr_blocks": [
                  "60.243.95.65/32"
                ],
                "description": "Allow SSH",
                "from_port": 22,
                "ipv6_cidr_blocks": [],
                "prefix_list_ids": [],
                "protocol": "tcp",
                "security_groups": [],
                "self": false,
                "to_port": 22
              }
            ],
            "name": "infra-infra-sg",
            "name_prefix": "",
            "owner_id": "804363747200",
            "revoke_rules_on_delete": false,
            "tags": {
              "Name": "infra-infra-sg"
            },
            "tags_all": {
              "Name": "infra-infra-sg"
            },
            "timeouts": null,
            "vpc_id": "vpc-0d8ccef9315090347"
          },
          "sensitive_attributes": [],
          "identity_schema_version": 0,
          "private": "eyJlMmJmYjczMC1lY2FhLTExZTYtOGY4OC0zNDM2M2JjN2M0YzAiOnsiY3JlYXRlIjo2MDAwMDAwMDAwMDAsImRlbGV0ZSI6OTAwMDAwMDAwMDAwfSwic2NoZW1hX3ZlcnNpb24iOiIxIn0=",
          "dependencies": [
            "module.vpc_primary.aws_vpc.network"
          ]
        }
      ]
    },
    {
      "module": "module.sg_nginx_dr",
      "mode": "managed",
      "type": "aws_security_group",
      "name": "sgroup",
      "provider": "provider[\"registry.terraform.io/hashicorp/aws\"].dr",
      "instances": [
        {
          "schema_version": 1,
          "attributes": {
            "arn": "arn:aws:ec2:ap-south-1:804363747200:security-group/sg-020f45cfc0cb20fe8",
            "description": "nginx security group for dr",
            "egress": [
              {
                "cidr_blocks": [
                  "0.0.0.0/0"
                ],
                "description": "All outbound",
                "from_port": 0,
                "ipv6_cidr_blocks": [],
                "prefix_list_ids": [],
                "protocol": "-1",
                "security_groups": [],
                "self": false,
                "to_port": 0
              }
            ],
            "id": "sg-020f45cfc0cb20fe8",
            "ingress": [
              {
                "cidr_blocks": [
                  "0.0.0.0/0"
                ],
                "description": "HTTP",
                "from_port": 80,
                "ipv6_cidr_blocks": [],
                "prefix_list_ids": [],
                "protocol": "tcp",
                "security_groups": [],
                "self": false,
                "to_port": 80
              },
              {
                "cidr_blocks": [
                  "0.0.0.0/0"
                ],
                "description": "HTTPS",
                "from_port": 443,
                "ipv6_cidr_blocks": [],
                "prefix_list_ids": [],
                "protocol": "tcp",
                "security_groups": [],
                "self": false,
                "to_port": 443
              }
            ],
            "name": "dr-nginx-sg",
            "name_prefix": "",
            "owner_id": "804363747200",
            "revoke_rules_on_delete": false,
            "tags": {
              "Name": "dr-nginx-sg"
            },
            "tags_all": {
              "Name": "dr-nginx-sg"
            },
            "timeouts": null,
            "vpc_id": "vpc-0a11aabf515ecc095"
          },
          "sensitive_attributes": [],
          "identity_schema_version": 0,
          "private": "eyJlMmJmYjczMC1lY2FhLTExZTYtOGY4OC0zNDM2M2JjN2M0YzAiOnsiY3JlYXRlIjo2MDAwMDAwMDAwMDAsImRlbGV0ZSI6OTAwMDAwMDAwMDAwfSwic2NoZW1hX3ZlcnNpb24iOiIxIn0=",
          "dependencies": [
            "module.vpc_dr.aws_vpc.network"
          ]
        }
      ]
    },
    {
      "module": "module.sg_nginx_primary",
      "mode": "managed",
      "type": "aws_security_group",
      "name": "sgroup",
      "provider": "provider[\"registry.terraform.io/hashicorp/aws\"].primary",
      "instances": [
        {
          "schema_version": 1,
          "attributes": {
            "arn": "arn:aws:ec2:us-east-1:804363747200:security-group/sg-0f09a5eebd7295c23",
            "description": "nginx security group for primary",
            "egress": [
              {
                "cidr_blocks": [
                  "0.0.0.0/0"
                ],
                "description": "All outbound",
                "from_port": 0,
                "ipv6_cidr_blocks": [],
                "prefix_list_ids": [],
                "protocol": "-1",
                "security_groups": [],
                "self": false,
                "to_port": 0
              }
            ],
            "id": "sg-0f09a5eebd7295c23",
            "ingress": [
              {
                "cidr_blocks": [
                  "0.0.0.0/0"
                ],
                "description": "HTTP",
                "from_port": 80,
                "ipv6_cidr_blocks": [],
                "prefix_list_ids": [],
                "protocol": "tcp",
                "security_groups": [],
                "self": false,
                "to_port": 80
              },
              {
                "cidr_blocks": [
                  "0.0.0.0/0"
                ],
                "description": "HTTPS",
                "from_port": 443,
                "ipv6_cidr_blocks": [],
                "prefix_list_ids": [],
                "protocol": "tcp",
                "security_groups": [],
                "self": false,
                "to_port": 443
              }
            ],
            "name": "primary-nginx-sg",
            "name_prefix": "",
            "owner_id": "804363747200",
            "revoke_rules_on_delete": false,
            "tags": {
              "Name": "primary-nginx-sg"
            },
            "tags_all": {
              "Name": "primary-nginx-sg"
            },
            "timeouts": null,
            "vpc_id": "vpc-0d8ccef9315090347"
          },
          "sensitive_attributes": [],
          "identity_schema_version": 0,
          "private": "eyJlMmJmYjczMC1lY2FhLTExZTYtOGY4OC0zNDM2M2JjN2M0YzAiOnsiY3JlYXRlIjo2MDAwMDAwMDAwMDAsImRlbGV0ZSI6OTAwMDAwMDAwMDAwfSwic2NoZW1hX3ZlcnNpb24iOiIxIn0=",
          "dependencies": [
            "module.vpc_primary.aws_vpc.network"
          ]
        }
      ]
    },
    {
      "module": "module.sg_rds_dr",
      "mode": "managed",
      "type": "aws_security_group",
      "name": "sgroup",
      "provider": "provider[\"registry.terraform.io/hashicorp/aws\"].dr",
      "instances": [
        {
          "schema_version": 1,
          "attributes": {
            "arn": "arn:aws:ec2:ap-south-1:804363747200:security-group/sg-0a8041df6bc93e87c",
            "description": "rds security group for dr",
            "egress": [
              {
                "cidr_blocks": [
                  "0.0.0.0/0"
                ],
                "description": "All outbound",
                "from_port": 0,
                "ipv6_cidr_blocks": [],
                "prefix_list_ids": [],
                "protocol": "-1",
                "security_groups": [],
                "self": false,
                "to_port": 0
              }
            ],
            "id": "sg-0a8041df6bc93e87c",
            "ingress": [
              {
                "cidr_blocks": [
                  "10.10.0.0/16",
                  "10.20.0.0/16"
                ],
                "description": "DB access",
                "from_port": 3306,
                "ipv6_cidr_blocks": [],
                "prefix_list_ids": [],
                "protocol": "tcp",
                "security_groups": [],
                "self": false,
                "to_port": 3306
              }
            ],
            "name": "dr-rds-sg",
            "name_prefix": "",
            "owner_id": "804363747200",
            "revoke_rules_on_delete": false,
            "tags": {
              "Name": "dr-rds-sg"
            },
            "tags_all": {
              "Name": "dr-rds-sg"
            },
            "timeouts": null,
            "vpc_id": "vpc-0a11aabf515ecc095"
          },
          "sensitive_attributes": [],
          "identity_schema_version": 0,
          "private": "eyJlMmJmYjczMC1lY2FhLTExZTYtOGY4OC0zNDM2M2JjN2M0YzAiOnsiY3JlYXRlIjo2MDAwMDAwMDAwMDAsImRlbGV0ZSI6OTAwMDAwMDAwMDAwfSwic2NoZW1hX3ZlcnNpb24iOiIxIn0=",
          "dependencies": [
            "module.vpc_dr.aws_vpc.network"
          ]
        }
      ]
    },
    {
      "module": "module.sg_rds_primary",
      "mode": "managed",
      "type": "aws_security_group",
      "name": "sgroup",
      "provider": "provider[\"registry.terraform.io/hashicorp/aws\"].primary",
      "instances": [
        {
          "schema_version": 1,
          "attributes": {
            "arn": "arn:aws:ec2:us-east-1:804363747200:security-group/sg-0503536aded10fd40",
            "description": "rds security group for primary",
            "egress": [
              {
                "cidr_blocks": [
                  "0.0.0.0/0"
                ],
                "description": "All outbound",
                "from_port": 0,
                "ipv6_cidr_blocks": [],
                "prefix_list_ids": [],
                "protocol": "-1",
                "security_groups": [],
                "self": false,
                "to_port": 0
              }
            ],
            "id": "sg-0503536aded10fd40",
            "ingress": [
              {
                "cidr_blocks": [
                  "10.10.0.0/16",
                  "10.20.0.0/16"
                ],
                "description": "DB access",
                "from_port": 3306,
                "ipv6_cidr_blocks": [],
                "prefix_list_ids": [],
                "protocol": "tcp",
                "security_groups": [],
                "self": false,
                "to_port": 3306
              }
            ],
            "name": "primary-rds-sg",
            "name_prefix": "",
            "owner_id": "804363747200",
            "revoke_rules_on_delete": false,
            "tags": {
              "Name": "primary-rds-sg"
            },
            "tags_all": {
              "Name": "primary-rds-sg"
            },
            "timeouts": null,
            "vpc_id": "vpc-0d8ccef9315090347"
          },
          "sensitive_attributes": [],
          "identity_schema_version": 0,
          "private": "eyJlMmJmYjczMC1lY2FhLTExZTYtOGY4OC0zNDM2M2JjN2M0YzAiOnsiY3JlYXRlIjo2MDAwMDAwMDAwMDAsImRlbGV0ZSI6OTAwMDAwMDAwMDAwfSwic2NoZW1hX3ZlcnNpb24iOiIxIn0=",
          "dependencies": [
            "module.vpc_primary.aws_vpc.network"
          ]
        }
      ]
    },
    {
      "module": "module.vpc_dr",
      "mode": "managed",
      "type": "aws_eip",
      "name": "nat",
      "provider": "provider[\"registry.terraform.io/hashicorp/aws\"].dr",
      "instances": [
        {
          "index_key": 0,
          "schema_version": 0,
          "attributes": {
            "address": null,
            "allocation_id": "eipalloc-0949753d8282c9011",
            "arn": "arn:aws:ec2:ap-south-1:804363747200:elastic-ip/eipalloc-0949753d8282c9011",
            "associate_with_private_ip": null,
            "association_id": "eipassoc-0073448000e252b0f",
            "carrier_ip": "",
            "customer_owned_ip": "",
            "customer_owned_ipv4_pool": "",
            "domain": "vpc",
            "id": "eipalloc-0949753d8282c9011",
            "instance": "",
            "ipam_pool_id": null,
            "network_border_group": "ap-south-1",
            "network_interface": "eni-09a502419f5c00296",
            "private_dns": "ip-10-20-1-173.ap-south-1.compute.internal",
            "private_ip": "10.20.1.173",
            "ptr_record": "",
            "public_dns": "ec2-13-204-166-238.ap-south-1.compute.amazonaws.com",
            "public_ip": "13.204.166.238",
            "public_ipv4_pool": "amazon",
            "tags": {
              "Name": "ap-south-1-dr-vpc-nat-eip-1"
            },
            "tags_all": {
              "Name": "ap-south-1-dr-vpc-nat-eip-1"
            },
            "timeouts": null,
            "vpc": true
          },
          "sensitive_attributes": [],
          "identity_schema_version": 0,
          "private": "eyJlMmJmYjczMC1lY2FhLTExZTYtOGY4OC0zNDM2M2JjN2M0YzAiOnsiZGVsZXRlIjoxODAwMDAwMDAwMDAsInJlYWQiOjkwMDAwMDAwMDAwMCwidXBkYXRlIjozMDAwMDAwMDAwMDB9fQ=="
        },
        {
          "index_key": 1,
          "schema_version": 0,
          "attributes": {
            "address": null,
            "allocation_id": "eipalloc-061e1065d78af8eb9",
            "arn": "arn:aws:ec2:ap-south-1:804363747200:elastic-ip/eipalloc-061e1065d78af8eb9",
            "associate_with_private_ip": null,
            "association_id": "eipassoc-011a59704cb32f06c",
            "carrier_ip": "",
            "customer_owned_ip": "",
            "customer_owned_ipv4_pool": "",
            "domain": "vpc",
            "id": "eipalloc-061e1065d78af8eb9",
            "instance": "",
            "ipam_pool_id": null,
            "network_border_group": "ap-south-1",
            "network_interface": "eni-0b63b6816083344f7",
            "private_dns": "ip-10-20-2-134.ap-south-1.compute.internal",
            "private_ip": "10.20.2.134",
            "ptr_record": "",
            "public_dns": "ec2-13-204-167-152.ap-south-1.compute.amazonaws.com",
            "public_ip": "13.204.167.152",
            "public_ipv4_pool": "amazon",
            "tags": {
              "Name": "ap-south-1-dr-vpc-nat-eip-2"
            },
            "tags_all": {
              "Name": "ap-south-1-dr-vpc-nat-eip-2"
            },
            "timeouts": null,
            "vpc": true
          },
          "sensitive_attributes": [],
          "identity_schema_version": 0,
          "private": "eyJlMmJmYjczMC1lY2FhLTExZTYtOGY4OC0zNDM2M2JjN2M0YzAiOnsiZGVsZXRlIjoxODAwMDAwMDAwMDAsInJlYWQiOjkwMDAwMDAwMDAwMCwidXBkYXRlIjozMDAwMDAwMDAwMDB9fQ=="
        }
      ]
    },
    {
      "module": "module.vpc_dr",
      "mode": "managed",
      "type": "aws_internet_gateway",
      "name": "network",
      "provider": "provider[\"registry.terraform.io/hashicorp/aws\"].dr",
      "instances": [
        {
          "schema_version": 0,
          "attributes": {
            "arn": "arn:aws:ec2:ap-south-1:804363747200:internet-gateway/igw-0e946573af9968545",
            "id": "igw-0e946573af9968545",
            "owner_id": "804363747200",
            "tags": {
              "Name": "ap-south-1-dr-vpc-igw"
            },
            "tags_all": {
              "Name": "ap-south-1-dr-vpc-igw"
            },
            "timeouts": null,
            "vpc_id": "vpc-0a11aabf515ecc095"
          },
          "sensitive_attributes": [],
          "identity_schema_version": 0,
          "private": "eyJlMmJmYjczMC1lY2FhLTExZTYtOGY4OC0zNDM2M2JjN2M0YzAiOnsiY3JlYXRlIjoxMjAwMDAwMDAwMDAwLCJkZWxldGUiOjEyMDAwMDAwMDAwMDAsInVwZGF0ZSI6MTIwMDAwMDAwMDAwMH19",
          "dependencies": [
            "module.vpc_dr.aws_vpc.network"
          ]
        }
      ]
    },
    {
      "module": "module.vpc_dr",
      "mode": "managed",
      "type": "aws_nat_gateway",
      "name": "network",
      "provider": "provider[\"registry.terraform.io/hashicorp/aws\"].dr",
      "instances": [
        {
          "index_key": 0,
          "schema_version": 0,
          "attributes": {
            "allocation_id": "eipalloc-0949753d8282c9011",
            "association_id": "eipassoc-0073448000e252b0f",
            "connectivity_type": "public",
            "id": "nat-0197347f2490ae5c3",
            "network_interface_id": "eni-09a502419f5c00296",
            "private_ip": "10.20.1.173",
            "public_ip": "13.204.166.238",
            "secondary_allocation_ids": [],
            "secondary_private_ip_address_count": 0,
            "secondary_private_ip_addresses": [],
            "subnet_id": "subnet-0dfd22d7df4aee58a",
            "tags": {
              "Name": "ap-south-1-dr-vpc-natgw-1"
            },
            "tags_all": {
              "Name": "ap-south-1-dr-vpc-natgw-1"
            },
            "timeouts": null
          },
          "sensitive_attributes": [],
          "identity_schema_version": 0,
          "private": "eyJlMmJmYjczMC1lY2FhLTExZTYtOGY4OC0zNDM2M2JjN2M0YzAiOnsiY3JlYXRlIjo2MDAwMDAwMDAwMDAsImRlbGV0ZSI6MTgwMDAwMDAwMDAwMCwidXBkYXRlIjo2MDAwMDAwMDAwMDB9fQ==",
          "dependencies": [
            "module.vpc_dr.aws_eip.nat",
            "module.vpc_dr.aws_internet_gateway.network",
            "module.vpc_dr.aws_subnet.public",
            "module.vpc_dr.aws_vpc.network"
          ]
        },
        {
          "index_key": 1,
          "schema_version": 0,
          "attributes": {
            "allocation_id": "eipalloc-061e1065d78af8eb9",
            "association_id": "eipassoc-011a59704cb32f06c",
            "connectivity_type": "public",
            "id": "nat-0678021a4761cbc33",
            "network_interface_id": "eni-0b63b6816083344f7",
            "private_ip": "10.20.2.134",
            "public_ip": "13.204.167.152",
            "secondary_allocation_ids": [],
            "secondary_private_ip_address_count": 0,
            "secondary_private_ip_addresses": [],
            "subnet_id": "subnet-0dc3f58defd3e6f14",
            "tags": {
              "Name": "ap-south-1-dr-vpc-natgw-2"
            },
            "tags_all": {
              "Name": "ap-south-1-dr-vpc-natgw-2"
            },
            "timeouts": null
          },
          "sensitive_attributes": [],
          "identity_schema_version": 0,
          "private": "eyJlMmJmYjczMC1lY2FhLTExZTYtOGY4OC0zNDM2M2JjN2M0YzAiOnsiY3JlYXRlIjo2MDAwMDAwMDAwMDAsImRlbGV0ZSI6MTgwMDAwMDAwMDAwMCwidXBkYXRlIjo2MDAwMDAwMDAwMDB9fQ==",
          "dependencies": [
            "module.vpc_dr.aws_eip.nat",
            "module.vpc_dr.aws_internet_gateway.network",
            "module.vpc_dr.aws_subnet.public",
            "module.vpc_dr.aws_vpc.network"
          ]
        }
      ]
    },
    {
      "module": "module.vpc_dr",
      "mode": "managed",
      "type": "aws_route",
      "name": "private_nat_gateway",
      "provider": "provider[\"registry.terraform.io/hashicorp/aws\"].dr",
      "instances": [
        {
          "index_key": 0,
          "schema_version": 0,
          "attributes": {
            "carrier_gateway_id": "",
            "core_network_arn": "",
            "destination_cidr_block": "0.0.0.0/0",
            "destination_ipv6_cidr_block": "",
            "destination_prefix_list_id": "",
            "egress_only_gateway_id": "",
            "gateway_id": "",
            "id": "r-rtb-0e78b0e00ea25821c1080289494",
            "instance_id": "",
            "instance_owner_id": "",
            "local_gateway_id": "",
            "nat_gateway_id": "nat-0197347f2490ae5c3",
            "network_interface_id": "",
            "origin": "CreateRoute",
            "route_table_id": "rtb-0e78b0e00ea25821c",
            "state": "active",
            "timeouts": null,
            "transit_gateway_id": "",
            "vpc_endpoint_id": "",
            "vpc_peering_connection_id": ""
          },
          "sensitive_attributes": [],
          "identity_schema_version": 0,
          "private": "eyJlMmJmYjczMC1lY2FhLTExZTYtOGY4OC0zNDM2M2JjN2M0YzAiOnsiY3JlYXRlIjozMDAwMDAwMDAwMDAsImRlbGV0ZSI6MzAwMDAwMDAwMDAwLCJ1cGRhdGUiOjEyMDAwMDAwMDAwMH19",
          "dependencies": [
            "module.vpc_dr.aws_eip.nat",
            "module.vpc_dr.aws_internet_gateway.network",
            "module.vpc_dr.aws_nat_gateway.network",
            "module.vpc_dr.aws_route_table.private",
            "module.vpc_dr.aws_subnet.public",
            "module.vpc_dr.aws_vpc.network"
          ]
        },
        {
          "index_key": 1,
          "schema_version": 0,
          "attributes": {
            "carrier_gateway_id": "",
            "core_network_arn": "",
            "destination_cidr_block": "0.0.0.0/0",
            "destination_ipv6_cidr_block": "",
            "destination_prefix_list_id": "",
            "egress_only_gateway_id": "",
            "gateway_id": "",
            "id": "r-rtb-04588fe4a6f2d09731080289494",
            "instance_id": "",
            "instance_owner_id": "",
            "local_gateway_id": "",
            "nat_gateway_id": "nat-0678021a4761cbc33",
            "network_interface_id": "",
            "origin": "CreateRoute",
            "route_table_id": "rtb-04588fe4a6f2d0973",
            "state": "active",
            "timeouts": null,
            "transit_gateway_id": "",
            "vpc_endpoint_id": "",
            "vpc_peering_connection_id": ""
          },
          "sensitive_attributes": [],
          "identity_schema_version": 0,
          "private": "eyJlMmJmYjczMC1lY2FhLTExZTYtOGY4OC0zNDM2M2JjN2M0YzAiOnsiY3JlYXRlIjozMDAwMDAwMDAwMDAsImRlbGV0ZSI6MzAwMDAwMDAwMDAwLCJ1cGRhdGUiOjEyMDAwMDAwMDAwMH19",
          "dependencies": [
            "module.vpc_dr.aws_eip.nat",
            "module.vpc_dr.aws_internet_gateway.network",
            "module.vpc_dr.aws_nat_gateway.network",
            "module.vpc_dr.aws_route_table.private",
            "module.vpc_dr.aws_subnet.public",
            "module.vpc_dr.aws_vpc.network"
          ]
        }
      ]
    },
    {
      "module": "module.vpc_dr",
      "mode": "managed",
      "type": "aws_route",
      "name": "public_internet_access",
      "provider": "provider[\"registry.terraform.io/hashicorp/aws\"].dr",
      "instances": [
        {
          "schema_version": 0,
          "attributes": {
            "carrier_gateway_id": "",
            "core_network_arn": "",
            "destination_cidr_block": "0.0.0.0/0",
            "destination_ipv6_cidr_block": "",
            "destination_prefix_list_id": "",
            "egress_only_gateway_id": "",
            "gateway_id": "igw-0e946573af9968545",
            "id": "r-rtb-052c8d0dbce8b6d4d1080289494",
            "instance_id": "",
            "instance_owner_id": "",
            "local_gateway_id": "",
            "nat_gateway_id": "",
            "network_interface_id": "",
            "origin": "CreateRoute",
            "route_table_id": "rtb-052c8d0dbce8b6d4d",
            "state": "active",
            "timeouts": null,
            "transit_gateway_id": "",
            "vpc_endpoint_id": "",
            "vpc_peering_connection_id": ""
          },
          "sensitive_attributes": [],
          "identity_schema_version": 0,
          "private": "eyJlMmJmYjczMC1lY2FhLTExZTYtOGY4OC0zNDM2M2JjN2M0YzAiOnsiY3JlYXRlIjozMDAwMDAwMDAwMDAsImRlbGV0ZSI6MzAwMDAwMDAwMDAwLCJ1cGRhdGUiOjEyMDAwMDAwMDAwMH19",
          "dependencies": [
            "module.vpc_dr.aws_internet_gateway.network",
            "module.vpc_dr.aws_route_table.public",
            "module.vpc_dr.aws_vpc.network"
          ]
        }
      ]
    },
    {
      "module": "module.vpc_dr",
      "mode": "managed",
      "type": "aws_route_table",
      "name": "private",
      "provider": "provider[\"registry.terraform.io/hashicorp/aws\"].dr",
      "instances": [
        {
          "index_key": 0,
          "schema_version": 0,
          "attributes": {
            "arn": "arn:aws:ec2:ap-south-1:804363747200:route-table/rtb-0e78b0e00ea25821c",
            "id": "rtb-0e78b0e00ea25821c",
            "owner_id": "804363747200",
            "propagating_vgws": [],
            "route": [
              {
                "carrier_gateway_id": "",
                "cidr_block": "0.0.0.0/0",
                "core_network_arn": "",
                "destination_prefix_list_id": "",
                "egress_only_gateway_id": "",
                "gateway_id": "",
                "ipv6_cidr_block": "",
                "local_gateway_id": "",
                "nat_gateway_id": "nat-0197347f2490ae5c3",
                "network_interface_id": "",
                "transit_gateway_id": "",
                "vpc_endpoint_id": "",
                "vpc_peering_connection_id": ""
              }
            ],
            "tags": {
              "Name": "ap-south-1-dr-vpc-private-rt-1"
            },
            "tags_all": {
              "Name": "ap-south-1-dr-vpc-private-rt-1"
            },
            "timeouts": null,
            "vpc_id": "vpc-0a11aabf515ecc095"
          },
          "sensitive_attributes": [],
          "identity_schema_version": 0,
          "private": "eyJlMmJmYjczMC1lY2FhLTExZTYtOGY4OC0zNDM2M2JjN2M0YzAiOnsiY3JlYXRlIjozMDAwMDAwMDAwMDAsImRlbGV0ZSI6MzAwMDAwMDAwMDAwLCJ1cGRhdGUiOjEyMDAwMDAwMDAwMH19",
          "dependencies": [
            "module.vpc_dr.aws_vpc.network"
          ]
        },
        {
          "index_key": 1,
          "schema_version": 0,
          "attributes": {
            "arn": "arn:aws:ec2:ap-south-1:804363747200:route-table/rtb-04588fe4a6f2d0973",
            "id": "rtb-04588fe4a6f2d0973",
            "owner_id": "804363747200",
            "propagating_vgws": [],
            "route": [
              {
                "carrier_gateway_id": "",
                "cidr_block": "0.0.0.0/0",
                "core_network_arn": "",
                "destination_prefix_list_id": "",
                "egress_only_gateway_id": "",
                "gateway_id": "",
                "ipv6_cidr_block": "",
                "local_gateway_id": "",
                "nat_gateway_id": "nat-0678021a4761cbc33",
                "network_interface_id": "",
                "transit_gateway_id": "",
                "vpc_endpoint_id": "",
                "vpc_peering_connection_id": ""
              }
            ],
            "tags": {
              "Name": "ap-south-1-dr-vpc-private-rt-2"
            },
            "tags_all": {
              "Name": "ap-south-1-dr-vpc-private-rt-2"
            },
            "timeouts": null,
            "vpc_id": "vpc-0a11aabf515ecc095"
          },
          "sensitive_attributes": [],
          "identity_schema_version": 0,
          "private": "eyJlMmJmYjczMC1lY2FhLTExZTYtOGY4OC0zNDM2M2JjN2M0YzAiOnsiY3JlYXRlIjozMDAwMDAwMDAwMDAsImRlbGV0ZSI6MzAwMDAwMDAwMDAwLCJ1cGRhdGUiOjEyMDAwMDAwMDAwMH19",
          "dependencies": [
            "module.vpc_dr.aws_vpc.network"
          ]
        }
      ]
    },
    {
      "module": "module.vpc_dr",
      "mode": "managed",
      "type": "aws_route_table",
      "name": "public",
      "provider": "provider[\"registry.terraform.io/hashicorp/aws\"].dr",
      "instances": [
        {
          "schema_version": 0,
          "attributes": {
            "arn": "arn:aws:ec2:ap-south-1:804363747200:route-table/rtb-052c8d0dbce8b6d4d",
            "id": "rtb-052c8d0dbce8b6d4d",
            "owner_id": "804363747200",
            "propagating_vgws": [],
            "route": [
              {
                "carrier_gateway_id": "",
                "cidr_block": "0.0.0.0/0",
                "core_network_arn": "",
                "destination_prefix_list_id": "",
                "egress_only_gateway_id": "",
                "gateway_id": "igw-0e946573af9968545",
                "ipv6_cidr_block": "",
                "local_gateway_id": "",
                "nat_gateway_id": "",
                "network_interface_id": "",
                "transit_gateway_id": "",
                "vpc_endpoint_id": "",
                "vpc_peering_connection_id": ""
              }
            ],
            "tags": {
              "Name": "ap-south-1-dr-vpc-public-rt"
            },
            "tags_all": {
              "Name": "ap-south-1-dr-vpc-public-rt"
            },
            "timeouts": null,
            "vpc_id": "vpc-0a11aabf515ecc095"
          },
          "sensitive_attributes": [],
          "identity_schema_version": 0,
          "private": "eyJlMmJmYjczMC1lY2FhLTExZTYtOGY4OC0zNDM2M2JjN2M0YzAiOnsiY3JlYXRlIjozMDAwMDAwMDAwMDAsImRlbGV0ZSI6MzAwMDAwMDAwMDAwLCJ1cGRhdGUiOjEyMDAwMDAwMDAwMH19",
          "dependencies": [
            "module.vpc_dr.aws_vpc.network"
          ]
        }
      ]
    },
    {
      "module": "module.vpc_dr",
      "mode": "managed",
      "type": "aws_route_table_association",
      "name": "private",
      "provider": "provider[\"registry.terraform.io/hashicorp/aws\"].dr",
      "instances": [
        {
          "index_key": 0,
          "schema_version": 0,
          "attributes": {
            "gateway_id": "",
            "id": "rtbassoc-0d5b24ede78379a5a",
            "route_table_id": "rtb-0e78b0e00ea25821c",
            "subnet_id": "subnet-090a96ecf5684278d",
            "timeouts": null
          },
          "sensitive_attributes": [],
          "identity_schema_version": 0,
          "private": "eyJlMmJmYjczMC1lY2FhLTExZTYtOGY4OC0zNDM2M2JjN2M0YzAiOnsiY3JlYXRlIjozMDAwMDAwMDAwMDAsImRlbGV0ZSI6MzAwMDAwMDAwMDAwLCJ1cGRhdGUiOjEyMDAwMDAwMDAwMH19",
          "dependencies": [
            "module.vpc_dr.aws_route_table.private",
            "module.vpc_dr.aws_subnet.private",
            "module.vpc_dr.aws_vpc.network"
          ]
        },
        {
          "index_key": 1,
          "schema_version": 0,
          "attributes": {
            "gateway_id": "",
            "id": "rtbassoc-0f6c11a86ffc00f63",
            "route_table_id": "rtb-04588fe4a6f2d0973",
            "subnet_id": "subnet-07a64899499349400",
            "timeouts": null
          },
          "sensitive_attributes": [],
          "identity_schema_version": 0,
          "private": "eyJlMmJmYjczMC1lY2FhLTExZTYtOGY4OC0zNDM2M2JjN2M0YzAiOnsiY3JlYXRlIjozMDAwMDAwMDAwMDAsImRlbGV0ZSI6MzAwMDAwMDAwMDAwLCJ1cGRhdGUiOjEyMDAwMDAwMDAwMH19",
          "dependencies": [
            "module.vpc_dr.aws_route_table.private",
            "module.vpc_dr.aws_subnet.private",
            "module.vpc_dr.aws_vpc.network"
          ]
        }
      ]
    },
    {
      "module": "module.vpc_dr",
      "mode": "managed",
      "type": "aws_route_table_association",
      "name": "public",
      "provider": "provider[\"registry.terraform.io/hashicorp/aws\"].dr",
      "instances": [
        {
          "index_key": 0,
          "schema_version": 0,
          "attributes": {
            "gateway_id": "",
            "id": "rtbassoc-001db76b77fce80e3",
            "route_table_id": "rtb-052c8d0dbce8b6d4d",
            "subnet_id": "subnet-0dfd22d7df4aee58a",
            "timeouts": null
          },
          "sensitive_attributes": [],
          "identity_schema_version": 0,
          "private": "eyJlMmJmYjczMC1lY2FhLTExZTYtOGY4OC0zNDM2M2JjN2M0YzAiOnsiY3JlYXRlIjozMDAwMDAwMDAwMDAsImRlbGV0ZSI6MzAwMDAwMDAwMDAwLCJ1cGRhdGUiOjEyMDAwMDAwMDAwMH19",
          "dependencies": [
            "module.vpc_dr.aws_route_table.public",
            "module.vpc_dr.aws_subnet.public",
            "module.vpc_dr.aws_vpc.network"
          ]
        },
        {
          "index_key": 1,
          "schema_version": 0,
          "attributes": {
            "gateway_id": "",
            "id": "rtbassoc-053ffb46564a01aa5",
            "route_table_id": "rtb-052c8d0dbce8b6d4d",
            "subnet_id": "subnet-0dc3f58defd3e6f14",
            "timeouts": null
          },
          "sensitive_attributes": [],
          "identity_schema_version": 0,
          "private": "eyJlMmJmYjczMC1lY2FhLTExZTYtOGY4OC0zNDM2M2JjN2M0YzAiOnsiY3JlYXRlIjozMDAwMDAwMDAwMDAsImRlbGV0ZSI6MzAwMDAwMDAwMDAwLCJ1cGRhdGUiOjEyMDAwMDAwMDAwMH19",
          "dependencies": [
            "module.vpc_dr.aws_route_table.public",
            "module.vpc_dr.aws_subnet.public",
            "module.vpc_dr.aws_vpc.network"
          ]
        }
      ]
    },
    {
      "module": "module.vpc_dr",
      "mode": "managed",
      "type": "aws_subnet",
      "name": "db",
      "provider": "provider[\"registry.terraform.io/hashicorp/aws\"].dr",
      "instances": [
        {
          "index_key": 0,
          "schema_version": 1,
          "attributes": {
            "arn": "arn:aws:ec2:ap-south-1:804363747200:subnet/subnet-045e5cc4b82747334",
            "assign_ipv6_address_on_creation": false,
            "availability_zone": "ap-south-1a",
            "availability_zone_id": "aps1-az1",
            "cidr_block": "10.20.13.0/24",
            "customer_owned_ipv4_pool": "",
            "enable_dns64": false,
            "enable_lni_at_device_index": 0,
            "enable_resource_name_dns_a_record_on_launch": false,
            "enable_resource_name_dns_aaaa_record_on_launch": false,
            "id": "subnet-045e5cc4b82747334",
            "ipv6_cidr_block": "",
            "ipv6_cidr_block_association_id": "",
            "ipv6_native": false,
            "map_customer_owned_ip_on_launch": false,
            "map_public_ip_on_launch": false,
            "outpost_arn": "",
            "owner_id": "804363747200",
            "private_dns_hostname_type_on_launch": "ip-name",
            "tags": {
              "Name": "ap-south-1-dr-vpc-db-1",
              "Tier": "DB"
            },
            "tags_all": {
              "Name": "ap-south-1-dr-vpc-db-1",
              "Tier": "DB"
            },
            "timeouts": null,
            "vpc_id": "vpc-0a11aabf515ecc095"
          },
          "sensitive_attributes": [],
          "identity_schema_version": 0,
          "private": "eyJlMmJmYjczMC1lY2FhLTExZTYtOGY4OC0zNDM2M2JjN2M0YzAiOnsiY3JlYXRlIjo2MDAwMDAwMDAwMDAsImRlbGV0ZSI6MTIwMDAwMDAwMDAwMH0sInNjaGVtYV92ZXJzaW9uIjoiMSJ9",
          "dependencies": [
            "module.vpc_dr.aws_vpc.network"
          ]
        },
        {
          "index_key": 1,
          "schema_version": 1,
          "attributes": {
            "arn": "arn:aws:ec2:ap-south-1:804363747200:subnet/subnet-0ce66659e67f804b8",
            "assign_ipv6_address_on_creation": false,
            "availability_zone": "ap-south-1b",
            "availability_zone_id": "aps1-az3",
            "cidr_block": "10.20.14.0/24",
            "customer_owned_ipv4_pool": "",
            "enable_dns64": false,
            "enable_lni_at_device_index": 0,
            "enable_resource_name_dns_a_record_on_launch": false,
            "enable_resource_name_dns_aaaa_record_on_launch": false,
            "id": "subnet-0ce66659e67f804b8",
            "ipv6_cidr_block": "",
            "ipv6_cidr_block_association_id": "",
            "ipv6_native": false,
            "map_customer_owned_ip_on_launch": false,
            "map_public_ip_on_launch": false,
            "outpost_arn": "",
            "owner_id": "804363747200",
            "private_dns_hostname_type_on_launch": "ip-name",
            "tags": {
              "Name": "ap-south-1-dr-vpc-db-2",
              "Tier": "DB"
            },
            "tags_all": {
              "Name": "ap-south-1-dr-vpc-db-2",
              "Tier": "DB"
            },
            "timeouts": null,
            "vpc_id": "vpc-0a11aabf515ecc095"
          },
          "sensitive_attributes": [],
          "identity_schema_version": 0,
          "private": "eyJlMmJmYjczMC1lY2FhLTExZTYtOGY4OC0zNDM2M2JjN2M0YzAiOnsiY3JlYXRlIjo2MDAwMDAwMDAwMDAsImRlbGV0ZSI6MTIwMDAwMDAwMDAwMH0sInNjaGVtYV92ZXJzaW9uIjoiMSJ9",
          "dependencies": [
            "module.vpc_dr.aws_vpc.network"
          ]
        }
      ]
    },
    {
      "module": "module.vpc_dr",
      "mode": "managed",
      "type": "aws_subnet",
      "name": "private",
      "provider": "provider[\"registry.terraform.io/hashicorp/aws\"].dr",
      "instances": [
        {
          "index_key": 0,
          "schema_version": 1,
          "attributes": {
            "arn": "arn:aws:ec2:ap-south-1:804363747200:subnet/subnet-090a96ecf5684278d",
            "assign_ipv6_address_on_creation": false,
            "availability_zone": "ap-south-1a",
            "availability_zone_id": "aps1-az1",
            "cidr_block": "10.20.11.0/24",
            "customer_owned_ipv4_pool": "",
            "enable_dns64": false,
            "enable_lni_at_device_index": 0,
            "enable_resource_name_dns_a_record_on_launch": false,
            "enable_resource_name_dns_aaaa_record_on_launch": false,
            "id": "subnet-090a96ecf5684278d",
            "ipv6_cidr_block": "",
            "ipv6_cidr_block_association_id": "",
            "ipv6_native": false,
            "map_customer_owned_ip_on_launch": false,
            "map_public_ip_on_launch": false,
            "outpost_arn": "",
            "owner_id": "804363747200",
            "private_dns_hostname_type_on_launch": "ip-name",
            "tags": {
              "Name": "ap-south-1-dr-vpc-private-1",
              "Tier": "App"
            },
            "tags_all": {
              "Name": "ap-south-1-dr-vpc-private-1",
              "Tier": "App"
            },
            "timeouts": null,
            "vpc_id": "vpc-0a11aabf515ecc095"
          },
          "sensitive_attributes": [],
          "identity_schema_version": 0,
          "private": "eyJlMmJmYjczMC1lY2FhLTExZTYtOGY4OC0zNDM2M2JjN2M0YzAiOnsiY3JlYXRlIjo2MDAwMDAwMDAwMDAsImRlbGV0ZSI6MTIwMDAwMDAwMDAwMH0sInNjaGVtYV92ZXJzaW9uIjoiMSJ9",
          "dependencies": [
            "module.vpc_dr.aws_vpc.network"
          ]
        },
        {
          "index_key": 1,
          "schema_version": 1,
          "attributes": {
            "arn": "arn:aws:ec2:ap-south-1:804363747200:subnet/subnet-07a64899499349400",
            "assign_ipv6_address_on_creation": false,
            "availability_zone": "ap-south-1b",
            "availability_zone_id": "aps1-az3",
            "cidr_block": "10.20.12.0/24",
            "customer_owned_ipv4_pool": "",
            "enable_dns64": false,
            "enable_lni_at_device_index": 0,
            "enable_resource_name_dns_a_record_on_launch": false,
            "enable_resource_name_dns_aaaa_record_on_launch": false,
            "id": "subnet-07a64899499349400",
            "ipv6_cidr_block": "",
            "ipv6_cidr_block_association_id": "",
            "ipv6_native": false,
            "map_customer_owned_ip_on_launch": false,
            "map_public_ip_on_launch": false,
            "outpost_arn": "",
            "owner_id": "804363747200",
            "private_dns_hostname_type_on_launch": "ip-name",
            "tags": {
              "Name": "ap-south-1-dr-vpc-private-2",
              "Tier": "App"
            },
            "tags_all": {
              "Name": "ap-south-1-dr-vpc-private-2",
              "Tier": "App"
            },
            "timeouts": null,
            "vpc_id": "vpc-0a11aabf515ecc095"
          },
          "sensitive_attributes": [],
          "identity_schema_version": 0,
          "private": "eyJlMmJmYjczMC1lY2FhLTExZTYtOGY4OC0zNDM2M2JjN2M0YzAiOnsiY3JlYXRlIjo2MDAwMDAwMDAwMDAsImRlbGV0ZSI6MTIwMDAwMDAwMDAwMH0sInNjaGVtYV92ZXJzaW9uIjoiMSJ9",
          "dependencies": [
            "module.vpc_dr.aws_vpc.network"
          ]
        }
      ]
    },
    {
      "module": "module.vpc_dr",
      "mode": "managed",
      "type": "aws_subnet",
      "name": "public",
      "provider": "provider[\"registry.terraform.io/hashicorp/aws\"].dr",
      "instances": [
        {
          "index_key": 0,
          "schema_version": 1,
          "attributes": {
            "arn": "arn:aws:ec2:ap-south-1:804363747200:subnet/subnet-0dfd22d7df4aee58a",
            "assign_ipv6_address_on_creation": false,
            "availability_zone": "ap-south-1a",
            "availability_zone_id": "aps1-az1",
            "cidr_block": "10.20.1.0/24",
            "customer_owned_ipv4_pool": "",
            "enable_dns64": false,
            "enable_lni_at_device_index": 0,
            "enable_resource_name_dns_a_record_on_launch": false,
            "enable_resource_name_dns_aaaa_record_on_launch": false,
            "id": "subnet-0dfd22d7df4aee58a",
            "ipv6_cidr_block": "",
            "ipv6_cidr_block_association_id": "",
            "ipv6_native": false,
            "map_customer_owned_ip_on_launch": false,
            "map_public_ip_on_launch": true,
            "outpost_arn": "",
            "owner_id": "804363747200",
            "private_dns_hostname_type_on_launch": "ip-name",
            "tags": {
              "Name": "ap-south-1-dr-vpc-public-1",
              "Tier": "Web"
            },
            "tags_all": {
              "Name": "ap-south-1-dr-vpc-public-1",
              "Tier": "Web"
            },
            "timeouts": null,
            "vpc_id": "vpc-0a11aabf515ecc095"
          },
          "sensitive_attributes": [],
          "identity_schema_version": 0,
          "private": "eyJlMmJmYjczMC1lY2FhLTExZTYtOGY4OC0zNDM2M2JjN2M0YzAiOnsiY3JlYXRlIjo2MDAwMDAwMDAwMDAsImRlbGV0ZSI6MTIwMDAwMDAwMDAwMH0sInNjaGVtYV92ZXJzaW9uIjoiMSJ9",
          "dependencies": [
            "module.vpc_dr.aws_vpc.network"
          ]
        },
        {
          "index_key": 1,
          "schema_version": 1,
          "attributes": {
            "arn": "arn:aws:ec2:ap-south-1:804363747200:subnet/subnet-0dc3f58defd3e6f14",
            "assign_ipv6_address_on_creation": false,
            "availability_zone": "ap-south-1b",
            "availability_zone_id": "aps1-az3",
            "cidr_block": "10.20.2.0/24",
            "customer_owned_ipv4_pool": "",
            "enable_dns64": false,
            "enable_lni_at_device_index": 0,
            "enable_resource_name_dns_a_record_on_launch": false,
            "enable_resource_name_dns_aaaa_record_on_launch": false,
            "id": "subnet-0dc3f58defd3e6f14",
            "ipv6_cidr_block": "",
            "ipv6_cidr_block_association_id": "",
            "ipv6_native": false,
            "map_customer_owned_ip_on_launch": false,
            "map_public_ip_on_launch": true,
            "outpost_arn": "",
            "owner_id": "804363747200",
            "private_dns_hostname_type_on_launch": "ip-name",
            "tags": {
              "Name": "ap-south-1-dr-vpc-public-2",
              "Tier": "Web"
            },
            "tags_all": {
              "Name": "ap-south-1-dr-vpc-public-2",
              "Tier": "Web"
            },
            "timeouts": null,
            "vpc_id": "vpc-0a11aabf515ecc095"
          },
          "sensitive_attributes": [],
          "identity_schema_version": 0,
          "private": "eyJlMmJmYjczMC1lY2FhLTExZTYtOGY4OC0zNDM2M2JjN2M0YzAiOnsiY3JlYXRlIjo2MDAwMDAwMDAwMDAsImRlbGV0ZSI6MTIwMDAwMDAwMDAwMH0sInNjaGVtYV92ZXJzaW9uIjoiMSJ9",
          "dependencies": [
            "module.vpc_dr.aws_vpc.network"
          ]
        }
      ]
    },
    {
      "module": "module.vpc_dr",
      "mode": "managed",
      "type": "aws_vpc",
      "name": "network",
      "provider": "provider[\"registry.terraform.io/hashicorp/aws\"].dr",
      "instances": [
        {
          "schema_version": 1,
          "attributes": {
            "arn": "arn:aws:ec2:ap-south-1:804363747200:vpc/vpc-0a11aabf515ecc095",
            "assign_generated_ipv6_cidr_block": false,
            "cidr_block": "10.20.0.0/16",
            "default_network_acl_id": "acl-00461943c0399a570",
            "default_route_table_id": "rtb-023c2b67bfe2a81ab",
            "default_security_group_id": "sg-0e89b1edae5d43375",
            "dhcp_options_id": "dopt-06e3a82c18f9e3bc0",
            "enable_dns_hostnames": true,
            "enable_dns_support": true,
            "enable_network_address_usage_metrics": false,
            "id": "vpc-0a11aabf515ecc095",
            "instance_tenancy": "default",
            "ipv4_ipam_pool_id": null,
            "ipv4_netmask_length": null,
            "ipv6_association_id": "",
            "ipv6_cidr_block": "",
            "ipv6_cidr_block_network_border_group": "",
            "ipv6_ipam_pool_id": "",
            "ipv6_netmask_length": 0,
            "main_route_table_id": "rtb-023c2b67bfe2a81ab",
            "owner_id": "804363747200",
            "tags": {
              "Name": "ap-south-1-dr-vpc"
            },
            "tags_all": {
              "Name": "ap-south-1-dr-vpc"
            }
          },
          "sensitive_attributes": [],
          "identity_schema_version": 0,
          "private": "eyJzY2hlbWFfdmVyc2lvbiI6IjEifQ=="
        }
      ]
    },
    {
      "module": "module.vpc_primary",
      "mode": "managed",
      "type": "aws_eip",
      "name": "nat",
      "provider": "provider[\"registry.terraform.io/hashicorp/aws\"].primary",
      "instances": [
        {
          "index_key": 0,
          "schema_version": 0,
          "attributes": {
            "address": null,
            "allocation_id": "eipalloc-0ec3e07af901ac8cd",
            "arn": "arn:aws:ec2:us-east-1:804363747200:elastic-ip/eipalloc-0ec3e07af901ac8cd",
            "associate_with_private_ip": null,
            "association_id": "eipassoc-033feb360e7755f32",
            "carrier_ip": "",
            "customer_owned_ip": "",
            "customer_owned_ipv4_pool": "",
            "domain": "vpc",
            "id": "eipalloc-0ec3e07af901ac8cd",
            "instance": "",
            "ipam_pool_id": null,
            "network_border_group": "us-east-1",
            "network_interface": "eni-0c4ab83c30399e0fd",
            "private_dns": "ip-10-10-1-226.ec2.internal",
            "private_ip": "10.10.1.226",
            "ptr_record": "",
            "public_dns": "ec2-35-175-48-32.compute-1.amazonaws.com",
            "public_ip": "35.175.48.32",
            "public_ipv4_pool": "amazon",
            "tags": {
              "Name": "us-east-1-main-vpc-nat-eip-1"
            },
            "tags_all": {
              "Name": "us-east-1-main-vpc-nat-eip-1"
            },
            "timeouts": null,
            "vpc": true
          },
          "sensitive_attributes": [],
          "identity_schema_version": 0,
          "private": "eyJlMmJmYjczMC1lY2FhLTExZTYtOGY4OC0zNDM2M2JjN2M0YzAiOnsiZGVsZXRlIjoxODAwMDAwMDAwMDAsInJlYWQiOjkwMDAwMDAwMDAwMCwidXBkYXRlIjozMDAwMDAwMDAwMDB9fQ=="
        },
        {
          "index_key": 1,
          "schema_version": 0,
          "attributes": {
            "address": null,
            "allocation_id": "eipalloc-0426c8b6ffa870f60",
            "arn": "arn:aws:ec2:us-east-1:804363747200:elastic-ip/eipalloc-0426c8b6ffa870f60",
            "associate_with_private_ip": null,
            "association_id": "eipassoc-036298368a022a528",
            "carrier_ip": "",
            "customer_owned_ip": "",
            "customer_owned_ipv4_pool": "",
            "domain": "vpc",
            "id": "eipalloc-0426c8b6ffa870f60",
            "instance": "",
            "ipam_pool_id": null,
            "network_border_group": "us-east-1",
            "network_interface": "eni-0910fe5b2db77a857",
            "private_dns": "ip-10-10-2-12.ec2.internal",
            "private_ip": "10.10.2.12",
            "ptr_record": "",
            "public_dns": "ec2-3-89-0-65.compute-1.amazonaws.com",
            "public_ip": "3.89.0.65",
            "public_ipv4_pool": "amazon",
            "tags": {
              "Name": "us-east-1-main-vpc-nat-eip-2"
            },
            "tags_all": {
              "Name": "us-east-1-main-vpc-nat-eip-2"
            },
            "timeouts": null,
            "vpc": true
          },
          "sensitive_attributes": [],
          "identity_schema_version": 0,
          "private": "eyJlMmJmYjczMC1lY2FhLTExZTYtOGY4OC0zNDM2M2JjN2M0YzAiOnsiZGVsZXRlIjoxODAwMDAwMDAwMDAsInJlYWQiOjkwMDAwMDAwMDAwMCwidXBkYXRlIjozMDAwMDAwMDAwMDB9fQ=="
        }
      ]
    },
    {
      "module": "module.vpc_primary",
      "mode": "managed",
      "type": "aws_internet_gateway",
      "name": "network",
      "provider": "provider[\"registry.terraform.io/hashicorp/aws\"].primary",
      "instances": [
        {
          "schema_version": 0,
          "attributes": {
            "arn": "arn:aws:ec2:us-east-1:804363747200:internet-gateway/igw-014b772c26da43963",
            "id": "igw-014b772c26da43963",
            "owner_id": "804363747200",
            "tags": {
              "Name": "us-east-1-main-vpc-igw"
            },
            "tags_all": {
              "Name": "us-east-1-main-vpc-igw"
            },
            "timeouts": null,
            "vpc_id": "vpc-0d8ccef9315090347"
          },
          "sensitive_attributes": [],
          "identity_schema_version": 0,
          "private": "eyJlMmJmYjczMC1lY2FhLTExZTYtOGY4OC0zNDM2M2JjN2M0YzAiOnsiY3JlYXRlIjoxMjAwMDAwMDAwMDAwLCJkZWxldGUiOjEyMDAwMDAwMDAwMDAsInVwZGF0ZSI6MTIwMDAwMDAwMDAwMH19",
          "dependencies": [
            "module.vpc_primary.aws_vpc.network"
          ]
        }
      ]
    },
    {
      "module": "module.vpc_primary",
      "mode": "managed",
      "type": "aws_nat_gateway",
      "name": "network",
      "provider": "provider[\"registry.terraform.io/hashicorp/aws\"].primary",
      "instances": [
        {
          "index_key": 0,
          "schema_version": 0,
          "attributes": {
            "allocation_id": "eipalloc-0ec3e07af901ac8cd",
            "association_id": "eipassoc-033feb360e7755f32",
            "connectivity_type": "public",
            "id": "nat-0b356682fa63e71a1",
            "network_interface_id": "eni-0c4ab83c30399e0fd",
            "private_ip": "10.10.1.226",
            "public_ip": "35.175.48.32",
            "secondary_allocation_ids": [],
            "secondary_private_ip_address_count": 0,
            "secondary_private_ip_addresses": [],
            "subnet_id": "subnet-0a63a20611c1e4f40",
            "tags": {
              "Name": "us-east-1-main-vpc-natgw-1"
            },
            "tags_all": {
              "Name": "us-east-1-main-vpc-natgw-1"
            },
            "timeouts": null
          },
          "sensitive_attributes": [],
          "identity_schema_version": 0,
          "private": "eyJlMmJmYjczMC1lY2FhLTExZTYtOGY4OC0zNDM2M2JjN2M0YzAiOnsiY3JlYXRlIjo2MDAwMDAwMDAwMDAsImRlbGV0ZSI6MTgwMDAwMDAwMDAwMCwidXBkYXRlIjo2MDAwMDAwMDAwMDB9fQ==",
          "dependencies": [
            "module.vpc_primary.aws_eip.nat",
            "module.vpc_primary.aws_internet_gateway.network",
            "module.vpc_primary.aws_subnet.public",
            "module.vpc_primary.aws_vpc.network"
          ]
        },
        {
          "index_key": 1,
          "schema_version": 0,
          "attributes": {
            "allocation_id": "eipalloc-0426c8b6ffa870f60",
            "association_id": "eipassoc-036298368a022a528",
            "connectivity_type": "public",
            "id": "nat-0c2d5876c37de36eb",
            "network_interface_id": "eni-0910fe5b2db77a857",
            "private_ip": "10.10.2.12",
            "public_ip": "3.89.0.65",
            "secondary_allocation_ids": [],
            "secondary_private_ip_address_count": 0,
            "secondary_private_ip_addresses": [],
            "subnet_id": "subnet-0da0c7ccc12b3e527",
            "tags": {
              "Name": "us-east-1-main-vpc-natgw-2"
            },
            "tags_all": {
              "Name": "us-east-1-main-vpc-natgw-2"
            },
            "timeouts": null
          },
          "sensitive_attributes": [],
          "identity_schema_version": 0,
          "private": "eyJlMmJmYjczMC1lY2FhLTExZTYtOGY4OC0zNDM2M2JjN2M0YzAiOnsiY3JlYXRlIjo2MDAwMDAwMDAwMDAsImRlbGV0ZSI6MTgwMDAwMDAwMDAwMCwidXBkYXRlIjo2MDAwMDAwMDAwMDB9fQ==",
          "dependencies": [
            "module.vpc_primary.aws_eip.nat",
            "module.vpc_primary.aws_internet_gateway.network",
            "module.vpc_primary.aws_subnet.public",
            "module.vpc_primary.aws_vpc.network"
          ]
        }
      ]
    },
    {
      "module": "module.vpc_primary",
      "mode": "managed",
      "type": "aws_route",
      "name": "private_nat_gateway",
      "provider": "provider[\"registry.terraform.io/hashicorp/aws\"].primary",
      "instances": [
        {
          "index_key": 0,
          "schema_version": 0,
          "attributes": {
            "carrier_gateway_id": "",
            "core_network_arn": "",
            "destination_cidr_block": "0.0.0.0/0",
            "destination_ipv6_cidr_block": "",
            "destination_prefix_list_id": "",
            "egress_only_gateway_id": "",
            "gateway_id": "",
            "id": "r-rtb-0e2d8df8de0b84e121080289494",
            "instance_id": "",
            "instance_owner_id": "",
            "local_gateway_id": "",
            "nat_gateway_id": "nat-0b356682fa63e71a1",
            "network_interface_id": "",
            "origin": "CreateRoute",
            "route_table_id": "rtb-0e2d8df8de0b84e12",
            "state": "active",
            "timeouts": null,
            "transit_gateway_id": "",
            "vpc_endpoint_id": "",
            "vpc_peering_connection_id": ""
          },
          "sensitive_attributes": [],
          "identity_schema_version": 0,
          "private": "eyJlMmJmYjczMC1lY2FhLTExZTYtOGY4OC0zNDM2M2JjN2M0YzAiOnsiY3JlYXRlIjozMDAwMDAwMDAwMDAsImRlbGV0ZSI6MzAwMDAwMDAwMDAwLCJ1cGRhdGUiOjEyMDAwMDAwMDAwMH19",
          "dependencies": [
            "module.vpc_primary.aws_eip.nat",
            "module.vpc_primary.aws_internet_gateway.network",
            "module.vpc_primary.aws_nat_gateway.network",
            "module.vpc_primary.aws_route_table.private",
            "module.vpc_primary.aws_subnet.public",
            "module.vpc_primary.aws_vpc.network"
          ]
        },
        {
          "index_key": 1,
          "schema_version": 0,
          "attributes": {
            "carrier_gateway_id": "",
            "core_network_arn": "",
            "destination_cidr_block": "0.0.0.0/0",
            "destination_ipv6_cidr_block": "",
            "destination_prefix_list_id": "",
            "egress_only_gateway_id": "",
            "gateway_id": "",
            "id": "r-rtb-05e60df5e357a01851080289494",
            "instance_id": "",
            "instance_owner_id": "",
            "local_gateway_id": "",
            "nat_gateway_id": "nat-0c2d5876c37de36eb",
            "network_interface_id": "",
            "origin": "CreateRoute",
            "route_table_id": "rtb-05e60df5e357a0185",
            "state": "active",
            "timeouts": null,
            "transit_gateway_id": "",
            "vpc_endpoint_id": "",
            "vpc_peering_connection_id": ""
          },
          "sensitive_attributes": [],
          "identity_schema_version": 0,
          "private": "eyJlMmJmYjczMC1lY2FhLTExZTYtOGY4OC0zNDM2M2JjN2M0YzAiOnsiY3JlYXRlIjozMDAwMDAwMDAwMDAsImRlbGV0ZSI6MzAwMDAwMDAwMDAwLCJ1cGRhdGUiOjEyMDAwMDAwMDAwMH19",
          "dependencies": [
            "module.vpc_primary.aws_eip.nat",
            "module.vpc_primary.aws_internet_gateway.network",
            "module.vpc_primary.aws_nat_gateway.network",
            "module.vpc_primary.aws_route_table.private",
            "module.vpc_primary.aws_subnet.public",
            "module.vpc_primary.aws_vpc.network"
          ]
        }
      ]
    },
    {
      "module": "module.vpc_primary",
      "mode": "managed",
      "type": "aws_route",
      "name": "public_internet_access",
      "provider": "provider[\"registry.terraform.io/hashicorp/aws\"].primary",
      "instances": [
        {
          "schema_version": 0,
          "attributes": {
            "carrier_gateway_id": "",
            "core_network_arn": "",
            "destination_cidr_block": "0.0.0.0/0",
            "destination_ipv6_cidr_block": "",
            "destination_prefix_list_id": "",
            "egress_only_gateway_id": "",
            "gateway_id": "igw-014b772c26da43963",
            "id": "r-rtb-046ff1b46f5862c371080289494",
            "instance_id": "",
            "instance_owner_id": "",
            "local_gateway_id": "",
            "nat_gateway_id": "",
            "network_interface_id": "",
            "origin": "CreateRoute",
            "route_table_id": "rtb-046ff1b46f5862c37",
            "state": "active",
            "timeouts": null,
            "transit_gateway_id": "",
            "vpc_endpoint_id": "",
            "vpc_peering_connection_id": ""
          },
          "sensitive_attributes": [],
          "identity_schema_version": 0,
          "private": "eyJlMmJmYjczMC1lY2FhLTExZTYtOGY4OC0zNDM2M2JjN2M0YzAiOnsiY3JlYXRlIjozMDAwMDAwMDAwMDAsImRlbGV0ZSI6MzAwMDAwMDAwMDAwLCJ1cGRhdGUiOjEyMDAwMDAwMDAwMH19",
          "dependencies": [
            "module.vpc_primary.aws_internet_gateway.network",
            "module.vpc_primary.aws_route_table.public",
            "module.vpc_primary.aws_vpc.network"
          ]
        }
      ]
    },
    {
      "module": "module.vpc_primary",
      "mode": "managed",
      "type": "aws_route_table",
      "name": "private",
      "provider": "provider[\"registry.terraform.io/hashicorp/aws\"].primary",
      "instances": [
        {
          "index_key": 0,
          "schema_version": 0,
          "attributes": {
            "arn": "arn:aws:ec2:us-east-1:804363747200:route-table/rtb-0e2d8df8de0b84e12",
            "id": "rtb-0e2d8df8de0b84e12",
            "owner_id": "804363747200",
            "propagating_vgws": [],
            "route": [
              {
                "carrier_gateway_id": "",
                "cidr_block": "0.0.0.0/0",
                "core_network_arn": "",
                "destination_prefix_list_id": "",
                "egress_only_gateway_id": "",
                "gateway_id": "",
                "ipv6_cidr_block": "",
                "local_gateway_id": "",
                "nat_gateway_id": "nat-0b356682fa63e71a1",
                "network_interface_id": "",
                "transit_gateway_id": "",
                "vpc_endpoint_id": "",
                "vpc_peering_connection_id": ""
              }
            ],
            "tags": {
              "Name": "us-east-1-main-vpc-private-rt-1"
            },
            "tags_all": {
              "Name": "us-east-1-main-vpc-private-rt-1"
            },
            "timeouts": null,
            "vpc_id": "vpc-0d8ccef9315090347"
          },
          "sensitive_attributes": [],
          "identity_schema_version": 0,
          "private": "eyJlMmJmYjczMC1lY2FhLTExZTYtOGY4OC0zNDM2M2JjN2M0YzAiOnsiY3JlYXRlIjozMDAwMDAwMDAwMDAsImRlbGV0ZSI6MzAwMDAwMDAwMDAwLCJ1cGRhdGUiOjEyMDAwMDAwMDAwMH19",
          "dependencies": [
            "module.vpc_primary.aws_vpc.network"
          ]
        },
        {
          "index_key": 1,
          "schema_version": 0,
          "attributes": {
            "arn": "arn:aws:ec2:us-east-1:804363747200:route-table/rtb-05e60df5e357a0185",
            "id": "rtb-05e60df5e357a0185",
            "owner_id": "804363747200",
            "propagating_vgws": [],
            "route": [
              {
                "carrier_gateway_id": "",
                "cidr_block": "0.0.0.0/0",
                "core_network_arn": "",
                "destination_prefix_list_id": "",
                "egress_only_gateway_id": "",
                "gateway_id": "",
                "ipv6_cidr_block": "",
                "local_gateway_id": "",
                "nat_gateway_id": "nat-0c2d5876c37de36eb",
                "network_interface_id": "",
                "transit_gateway_id": "",
                "vpc_endpoint_id": "",
                "vpc_peering_connection_id": ""
              }
            ],
            "tags": {
              "Name": "us-east-1-main-vpc-private-rt-2"
            },
            "tags_all": {
              "Name": "us-east-1-main-vpc-private-rt-2"
            },
            "timeouts": null,
            "vpc_id": "vpc-0d8ccef9315090347"
          },
          "sensitive_attributes": [],
          "identity_schema_version": 0,
          "private": "eyJlMmJmYjczMC1lY2FhLTExZTYtOGY4OC0zNDM2M2JjN2M0YzAiOnsiY3JlYXRlIjozMDAwMDAwMDAwMDAsImRlbGV0ZSI6MzAwMDAwMDAwMDAwLCJ1cGRhdGUiOjEyMDAwMDAwMDAwMH19",
          "dependencies": [
            "module.vpc_primary.aws_vpc.network"
          ]
        }
      ]
    },
    {
      "module": "module.vpc_primary",
      "mode": "managed",
      "type": "aws_route_table",
      "name": "public",
      "provider": "provider[\"registry.terraform.io/hashicorp/aws\"].primary",
      "instances": [
        {
          "schema_version": 0,
          "attributes": {
            "arn": "arn:aws:ec2:us-east-1:804363747200:route-table/rtb-046ff1b46f5862c37",
            "id": "rtb-046ff1b46f5862c37",
            "owner_id": "804363747200",
            "propagating_vgws": [],
            "route": [
              {
                "carrier_gateway_id": "",
                "cidr_block": "0.0.0.0/0",
                "core_network_arn": "",
                "destination_prefix_list_id": "",
                "egress_only_gateway_id": "",
                "gateway_id": "igw-014b772c26da43963",
                "ipv6_cidr_block": "",
                "local_gateway_id": "",
                "nat_gateway_id": "",
                "network_interface_id": "",
                "transit_gateway_id": "",
                "vpc_endpoint_id": "",
                "vpc_peering_connection_id": ""
              }
            ],
            "tags": {
              "Name": "us-east-1-main-vpc-public-rt"
            },
            "tags_all": {
              "Name": "us-east-1-main-vpc-public-rt"
            },
            "timeouts": null,
            "vpc_id": "vpc-0d8ccef9315090347"
          },
          "sensitive_attributes": [],
          "identity_schema_version": 0,
          "private": "eyJlMmJmYjczMC1lY2FhLTExZTYtOGY4OC0zNDM2M2JjN2M0YzAiOnsiY3JlYXRlIjozMDAwMDAwMDAwMDAsImRlbGV0ZSI6MzAwMDAwMDAwMDAwLCJ1cGRhdGUiOjEyMDAwMDAwMDAwMH19",
          "dependencies": [
            "module.vpc_primary.aws_vpc.network"
          ]
        }
      ]
    },
    {
      "module": "module.vpc_primary",
      "mode": "managed",
      "type": "aws_route_table_association",
      "name": "private",
      "provider": "provider[\"registry.terraform.io/hashicorp/aws\"].primary",
      "instances": [
        {
          "index_key": 0,
          "schema_version": 0,
          "attributes": {
            "gateway_id": "",
            "id": "rtbassoc-0f6616eb406aea26a",
            "route_table_id": "rtb-0e2d8df8de0b84e12",
            "subnet_id": "subnet-0bb65230c7f362ce3",
            "timeouts": null
          },
          "sensitive_attributes": [],
          "identity_schema_version": 0,
          "private": "eyJlMmJmYjczMC1lY2FhLTExZTYtOGY4OC0zNDM2M2JjN2M0YzAiOnsiY3JlYXRlIjozMDAwMDAwMDAwMDAsImRlbGV0ZSI6MzAwMDAwMDAwMDAwLCJ1cGRhdGUiOjEyMDAwMDAwMDAwMH19",
          "dependencies": [
            "module.vpc_primary.aws_route_table.private",
            "module.vpc_primary.aws_subnet.private",
            "module.vpc_primary.aws_vpc.network"
          ]
        },
        {
          "index_key": 1,
          "schema_version": 0,
          "attributes": {
            "gateway_id": "",
            "id": "rtbassoc-0ff72aef0a7e611f0",
            "route_table_id": "rtb-05e60df5e357a0185",
            "subnet_id": "subnet-01485e40963f0eeaa",
            "timeouts": null
          },
          "sensitive_attributes": [],
          "identity_schema_version": 0,
          "private": "eyJlMmJmYjczMC1lY2FhLTExZTYtOGY4OC0zNDM2M2JjN2M0YzAiOnsiY3JlYXRlIjozMDAwMDAwMDAwMDAsImRlbGV0ZSI6MzAwMDAwMDAwMDAwLCJ1cGRhdGUiOjEyMDAwMDAwMDAwMH19",
          "dependencies": [
            "module.vpc_primary.aws_route_table.private",
            "module.vpc_primary.aws_subnet.private",
            "module.vpc_primary.aws_vpc.network"
          ]
        }
      ]
    },
    {
      "module": "module.vpc_primary",
      "mode": "managed",
      "type": "aws_route_table_association",
      "name": "public",
      "provider": "provider[\"registry.terraform.io/hashicorp/aws\"].primary",
      "instances": [
        {
          "index_key": 0,
          "schema_version": 0,
          "attributes": {
            "gateway_id": "",
            "id": "rtbassoc-056521f35ad45108a",
            "route_table_id": "rtb-046ff1b46f5862c37",
            "subnet_id": "subnet-0a63a20611c1e4f40",
            "timeouts": null
          },
          "sensitive_attributes": [],
          "identity_schema_version": 0,
          "private": "eyJlMmJmYjczMC1lY2FhLTExZTYtOGY4OC0zNDM2M2JjN2M0YzAiOnsiY3JlYXRlIjozMDAwMDAwMDAwMDAsImRlbGV0ZSI6MzAwMDAwMDAwMDAwLCJ1cGRhdGUiOjEyMDAwMDAwMDAwMH19",
          "dependencies": [
            "module.vpc_primary.aws_route_table.public",
            "module.vpc_primary.aws_subnet.public",
            "module.vpc_primary.aws_vpc.network"
          ]
        },
        {
          "index_key": 1,
          "schema_version": 0,
          "attributes": {
            "gateway_id": "",
            "id": "rtbassoc-06b5cb8a310e08a32",
            "route_table_id": "rtb-046ff1b46f5862c37",
            "subnet_id": "subnet-0da0c7ccc12b3e527",
            "timeouts": null
          },
          "sensitive_attributes": [],
          "identity_schema_version": 0,
          "private": "eyJlMmJmYjczMC1lY2FhLTExZTYtOGY4OC0zNDM2M2JjN2M0YzAiOnsiY3JlYXRlIjozMDAwMDAwMDAwMDAsImRlbGV0ZSI6MzAwMDAwMDAwMDAwLCJ1cGRhdGUiOjEyMDAwMDAwMDAwMH19",
          "dependencies": [
            "module.vpc_primary.aws_route_table.public",
            "module.vpc_primary.aws_subnet.public",
            "module.vpc_primary.aws_vpc.network"
          ]
        }
      ]
    },
    {
      "module": "module.vpc_primary",
      "mode": "managed",
      "type": "aws_subnet",
      "name": "db",
      "provider": "provider[\"registry.terraform.io/hashicorp/aws\"].primary",
      "instances": [
        {
          "index_key": 0,
          "schema_version": 1,
          "attributes": {
            "arn": "arn:aws:ec2:us-east-1:804363747200:subnet/subnet-0460fe8694bac66d8",
            "assign_ipv6_address_on_creation": false,
            "availability_zone": "us-east-1a",
            "availability_zone_id": "use1-az4",
            "cidr_block": "10.10.13.0/24",
            "customer_owned_ipv4_pool": "",
            "enable_dns64": false,
            "enable_lni_at_device_index": 0,
            "enable_resource_name_dns_a_record_on_launch": false,
            "enable_resource_name_dns_aaaa_record_on_launch": false,
            "id": "subnet-0460fe8694bac66d8",
            "ipv6_cidr_block": "",
            "ipv6_cidr_block_association_id": "",
            "ipv6_native": false,
            "map_customer_owned_ip_on_launch": false,
            "map_public_ip_on_launch": false,
            "outpost_arn": "",
            "owner_id": "804363747200",
            "private_dns_hostname_type_on_launch": "ip-name",
            "tags": {
              "Name": "us-east-1-main-vpc-db-1",
              "Tier": "DB"
            },
            "tags_all": {
              "Name": "us-east-1-main-vpc-db-1",
              "Tier": "DB"
            },
            "timeouts": null,
            "vpc_id": "vpc-0d8ccef9315090347"
          },
          "sensitive_attributes": [],
          "identity_schema_version": 0,
          "private": "eyJlMmJmYjczMC1lY2FhLTExZTYtOGY4OC0zNDM2M2JjN2M0YzAiOnsiY3JlYXRlIjo2MDAwMDAwMDAwMDAsImRlbGV0ZSI6MTIwMDAwMDAwMDAwMH0sInNjaGVtYV92ZXJzaW9uIjoiMSJ9",
          "dependencies": [
            "module.vpc_primary.aws_vpc.network"
          ]
        },
        {
          "index_key": 1,
          "schema_version": 1,
          "attributes": {
            "arn": "arn:aws:ec2:us-east-1:804363747200:subnet/subnet-0a06560fff7af1906",
            "assign_ipv6_address_on_creation": false,
            "availability_zone": "us-east-1b",
            "availability_zone_id": "use1-az6",
            "cidr_block": "10.10.14.0/24",
            "customer_owned_ipv4_pool": "",
            "enable_dns64": false,
            "enable_lni_at_device_index": 0,
            "enable_resource_name_dns_a_record_on_launch": false,
            "enable_resource_name_dns_aaaa_record_on_launch": false,
            "id": "subnet-0a06560fff7af1906",
            "ipv6_cidr_block": "",
            "ipv6_cidr_block_association_id": "",
            "ipv6_native": false,
            "map_customer_owned_ip_on_launch": false,
            "map_public_ip_on_launch": false,
            "outpost_arn": "",
            "owner_id": "804363747200",
            "private_dns_hostname_type_on_launch": "ip-name",
            "tags": {
              "Name": "us-east-1-main-vpc-db-2",
              "Tier": "DB"
            },
            "tags_all": {
              "Name": "us-east-1-main-vpc-db-2",
              "Tier": "DB"
            },
            "timeouts": null,
            "vpc_id": "vpc-0d8ccef9315090347"
          },
          "sensitive_attributes": [],
          "identity_schema_version": 0,
          "private": "eyJlMmJmYjczMC1lY2FhLTExZTYtOGY4OC0zNDM2M2JjN2M0YzAiOnsiY3JlYXRlIjo2MDAwMDAwMDAwMDAsImRlbGV0ZSI6MTIwMDAwMDAwMDAwMH0sInNjaGVtYV92ZXJzaW9uIjoiMSJ9",
          "dependencies": [
            "module.vpc_primary.aws_vpc.network"
          ]
        }
      ]
    },
    {
      "module": "module.vpc_primary",
      "mode": "managed",
      "type": "aws_subnet",
      "name": "private",
      "provider": "provider[\"registry.terraform.io/hashicorp/aws\"].primary",
      "instances": [
        {
          "index_key": 0,
          "schema_version": 1,
          "attributes": {
            "arn": "arn:aws:ec2:us-east-1:804363747200:subnet/subnet-0bb65230c7f362ce3",
            "assign_ipv6_address_on_creation": false,
            "availability_zone": "us-east-1a",
            "availability_zone_id": "use1-az4",
            "cidr_block": "10.10.11.0/24",
            "customer_owned_ipv4_pool": "",
            "enable_dns64": false,
            "enable_lni_at_device_index": 0,
            "enable_resource_name_dns_a_record_on_launch": false,
            "enable_resource_name_dns_aaaa_record_on_launch": false,
            "id": "subnet-0bb65230c7f362ce3",
            "ipv6_cidr_block": "",
            "ipv6_cidr_block_association_id": "",
            "ipv6_native": false,
            "map_customer_owned_ip_on_launch": false,
            "map_public_ip_on_launch": false,
            "outpost_arn": "",
            "owner_id": "804363747200",
            "private_dns_hostname_type_on_launch": "ip-name",
            "tags": {
              "Name": "us-east-1-main-vpc-private-1",
              "Tier": "App"
            },
            "tags_all": {
              "Name": "us-east-1-main-vpc-private-1",
              "Tier": "App"
            },
            "timeouts": null,
            "vpc_id": "vpc-0d8ccef9315090347"
          },
          "sensitive_attributes": [],
          "identity_schema_version": 0,
          "private": "eyJlMmJmYjczMC1lY2FhLTExZTYtOGY4OC0zNDM2M2JjN2M0YzAiOnsiY3JlYXRlIjo2MDAwMDAwMDAwMDAsImRlbGV0ZSI6MTIwMDAwMDAwMDAwMH0sInNjaGVtYV92ZXJzaW9uIjoiMSJ9",
          "dependencies": [
            "module.vpc_primary.aws_vpc.network"
          ]
        },
        {
          "index_key": 1,
          "schema_version": 1,
          "attributes": {
            "arn": "arn:aws:ec2:us-east-1:804363747200:subnet/subnet-01485e40963f0eeaa",
            "assign_ipv6_address_on_creation": false,
            "availability_zone": "us-east-1b",
            "availability_zone_id": "use1-az6",
            "cidr_block": "10.10.12.0/24",
            "customer_owned_ipv4_pool": "",
            "enable_dns64": false,
            "enable_lni_at_device_index": 0,
            "enable_resource_name_dns_a_record_on_launch": false,
            "enable_resource_name_dns_aaaa_record_on_launch": false,
            "id": "subnet-01485e40963f0eeaa",
            "ipv6_cidr_block": "",
            "ipv6_cidr_block_association_id": "",
            "ipv6_native": false,
            "map_customer_owned_ip_on_launch": false,
            "map_public_ip_on_launch": false,
            "outpost_arn": "",
            "owner_id": "804363747200",
            "private_dns_hostname_type_on_launch": "ip-name",
            "tags": {
              "Name": "us-east-1-main-vpc-private-2",
              "Tier": "App"
            },
            "tags_all": {
              "Name": "us-east-1-main-vpc-private-2",
              "Tier": "App"
            },
            "timeouts": null,
            "vpc_id": "vpc-0d8ccef9315090347"
          },
          "sensitive_attributes": [],
          "identity_schema_version": 0,
          "private": "eyJlMmJmYjczMC1lY2FhLTExZTYtOGY4OC0zNDM2M2JjN2M0YzAiOnsiY3JlYXRlIjo2MDAwMDAwMDAwMDAsImRlbGV0ZSI6MTIwMDAwMDAwMDAwMH0sInNjaGVtYV92ZXJzaW9uIjoiMSJ9",
          "dependencies": [
            "module.vpc_primary.aws_vpc.network"
          ]
        }
      ]
    },
    {
      "module": "module.vpc_primary",
      "mode": "managed",
      "type": "aws_subnet",
      "name": "public",
      "provider": "provider[\"registry.terraform.io/hashicorp/aws\"].primary",
      "instances": [
        {
          "index_key": 0,
          "schema_version": 1,
          "attributes": {
            "arn": "arn:aws:ec2:us-east-1:804363747200:subnet/subnet-0a63a20611c1e4f40",
            "assign_ipv6_address_on_creation": false,
            "availability_zone": "us-east-1a",
            "availability_zone_id": "use1-az4",
            "cidr_block": "10.10.1.0/24",
            "customer_owned_ipv4_pool": "",
            "enable_dns64": false,
            "enable_lni_at_device_index": 0,
            "enable_resource_name_dns_a_record_on_launch": false,
            "enable_resource_name_dns_aaaa_record_on_launch": false,
            "id": "subnet-0a63a20611c1e4f40",
            "ipv6_cidr_block": "",
            "ipv6_cidr_block_association_id": "",
            "ipv6_native": false,
            "map_customer_owned_ip_on_launch": false,
            "map_public_ip_on_launch": true,
            "outpost_arn": "",
            "owner_id": "804363747200",
            "private_dns_hostname_type_on_launch": "ip-name",
            "tags": {
              "Name": "us-east-1-main-vpc-public-1",
              "Tier": "Web"
            },
            "tags_all": {
              "Name": "us-east-1-main-vpc-public-1",
              "Tier": "Web"
            },
            "timeouts": null,
            "vpc_id": "vpc-0d8ccef9315090347"
          },
          "sensitive_attributes": [],
          "identity_schema_version": 0,
          "private": "eyJlMmJmYjczMC1lY2FhLTExZTYtOGY4OC0zNDM2M2JjN2M0YzAiOnsiY3JlYXRlIjo2MDAwMDAwMDAwMDAsImRlbGV0ZSI6MTIwMDAwMDAwMDAwMH0sInNjaGVtYV92ZXJzaW9uIjoiMSJ9",
          "dependencies": [
            "module.vpc_primary.aws_vpc.network"
          ]
        },
        {
          "index_key": 1,
          "schema_version": 1,
          "attributes": {
            "arn": "arn:aws:ec2:us-east-1:804363747200:subnet/subnet-0da0c7ccc12b3e527",
            "assign_ipv6_address_on_creation": false,
            "availability_zone": "us-east-1b",
            "availability_zone_id": "use1-az6",
            "cidr_block": "10.10.2.0/24",
            "customer_owned_ipv4_pool": "",
            "enable_dns64": false,
            "enable_lni_at_device_index": 0,
            "enable_resource_name_dns_a_record_on_launch": false,
            "enable_resource_name_dns_aaaa_record_on_launch": false,
            "id": "subnet-0da0c7ccc12b3e527",
            "ipv6_cidr_block": "",
            "ipv6_cidr_block_association_id": "",
            "ipv6_native": false,
            "map_customer_owned_ip_on_launch": false,
            "map_public_ip_on_launch": true,
            "outpost_arn": "",
            "owner_id": "804363747200",
            "private_dns_hostname_type_on_launch": "ip-name",
            "tags": {
              "Name": "us-east-1-main-vpc-public-2",
              "Tier": "Web"
            },
            "tags_all": {
              "Name": "us-east-1-main-vpc-public-2",
              "Tier": "Web"
            },
            "timeouts": null,
            "vpc_id": "vpc-0d8ccef9315090347"
          },
          "sensitive_attributes": [],
          "identity_schema_version": 0,
          "private": "eyJlMmJmYjczMC1lY2FhLTExZTYtOGY4OC0zNDM2M2JjN2M0YzAiOnsiY3JlYXRlIjo2MDAwMDAwMDAwMDAsImRlbGV0ZSI6MTIwMDAwMDAwMDAwMH0sInNjaGVtYV92ZXJzaW9uIjoiMSJ9",
          "dependencies": [
            "module.vpc_primary.aws_vpc.network"
          ]
        }
      ]
    },
    {
      "module": "module.vpc_primary",
      "mode": "managed",
      "type": "aws_vpc",
      "name": "network",
      "provider": "provider[\"registry.terraform.io/hashicorp/aws\"].primary",
      "instances": [
        {
          "schema_version": 1,
          "attributes": {
            "arn": "arn:aws:ec2:us-east-1:804363747200:vpc/vpc-0d8ccef9315090347",
            "assign_generated_ipv6_cidr_block": false,
            "cidr_block": "10.10.0.0/16",
            "default_network_acl_id": "acl-0093931507b9242cf",
            "default_route_table_id": "rtb-0a00bfc094d5ccd0c",
            "default_security_group_id": "sg-051ae7cbe16f63735",
            "dhcp_options_id": "dopt-037b519a6ef7f0ad5",
            "enable_dns_hostnames": true,
            "enable_dns_support": true,
            "enable_network_address_usage_metrics": false,
            "id": "vpc-0d8ccef9315090347",
            "instance_tenancy": "default",
            "ipv4_ipam_pool_id": null,
            "ipv4_netmask_length": null,
            "ipv6_association_id": "",
            "ipv6_cidr_block": "",
            "ipv6_cidr_block_network_border_group": "",
            "ipv6_ipam_pool_id": "",
            "ipv6_netmask_length": 0,
            "main_route_table_id": "rtb-0a00bfc094d5ccd0c",
            "owner_id": "804363747200",
            "tags": {
              "Name": "us-east-1-main-vpc"
            },
            "tags_all": {
              "Name": "us-east-1-main-vpc"
            }
          },
          "sensitive_attributes": [],
          "identity_schema_version": 0,
          "private": "eyJzY2hlbWFfdmVyc2lvbiI6IjEifQ=="
        }
      ]
    }
  ],
  "check_results": null
}
